// !$*UTF8*$!
{
	archiveVersion = 1;
	classes = {
	};
	objectVersion = 50;
	objects = {

/* Begin PBXBuildFile section */
		EB4BB17A24446EE200348E1A /* AppDelegate.swift in Sources */ = {isa = PBXBuildFile; fileRef = EB4BB17924446EE200348E1A /* AppDelegate.swift */; };
		EB4BB17C24446EE200348E1A /* SceneDelegate.swift in Sources */ = {isa = PBXBuildFile; fileRef = EB4BB17B24446EE200348E1A /* SceneDelegate.swift */; };
		EB4BB17E24446EE200348E1A /* ViewController.swift in Sources */ = {isa = PBXBuildFile; fileRef = EB4BB17D24446EE200348E1A /* ViewController.swift */; };
		EB4BB18124446EE200348E1A /* Main.storyboard in Resources */ = {isa = PBXBuildFile; fileRef = EB4BB17F24446EE200348E1A /* Main.storyboard */; };
		EB4BB18324446EE400348E1A /* Assets.xcassets in Resources */ = {isa = PBXBuildFile; fileRef = EB4BB18224446EE400348E1A /* Assets.xcassets */; };
		EB4BB18624446EE400348E1A /* LaunchScreen.storyboard in Resources */ = {isa = PBXBuildFile; fileRef = EB4BB18424446EE400348E1A /* LaunchScreen.storyboard */; };
		EB4BB18E24446F3400348E1A /* Album.swift in Sources */ = {isa = PBXBuildFile; fileRef = EB4BB18D24446F3400348E1A /* Album.swift */; };
		EB4BB19024446FD100348E1A /* AlbumView.swift in Sources */ = {isa = PBXBuildFile; fileRef = EB4BB18F24446FD100348E1A /* AlbumView.swift */; };
		EB4BB192244473AC00348E1A /* HTTPClient.swift in Sources */ = {isa = PBXBuildFile; fileRef = EB4BB191244473AC00348E1A /* HTTPClient.swift */; };
		EBD5D7802445BF1900DD1E71 /* LibraryAPI.swift in Sources */ = {isa = PBXBuildFile; fileRef = EBD5D77F2445BF1900DD1E71 /* LibraryAPI.swift */; };
		EBD5D7822445BF8400DD1E71 /* PersistencyManager.swift in Sources */ = {isa = PBXBuildFile; fileRef = EBD5D7812445BF8400DD1E71 /* PersistencyManager.swift */; };
/* End PBXBuildFile section */

/* Begin PBXFileReference section */
		EB4BB17624446EE200348E1A /* 18_blueLlibrary.app */ = {isa = PBXFileReference; explicitFileType = wrapper.application; includeInIndex = 0; path = 18_blueLlibrary.app; sourceTree = BUILT_PRODUCTS_DIR; };
		EB4BB17924446EE200348E1A /* AppDelegate.swift */ = {isa = PBXFileReference; lastKnownFileType = sourcecode.swift; path = AppDelegate.swift; sourceTree = "<group>"; };
		EB4BB17B24446EE200348E1A /* SceneDelegate.swift */ = {isa = PBXFileReference; lastKnownFileType = sourcecode.swift; path = SceneDelegate.swift; sourceTree = "<group>"; };
		EB4BB17D24446EE200348E1A /* ViewController.swift */ = {isa = PBXFileReference; lastKnownFileType = sourcecode.swift; path = ViewController.swift; sourceTree = "<group>"; };
		EB4BB18024446EE200348E1A /* Base */ = {isa = PBXFileReference; lastKnownFileType = file.storyboard; name = Base; path = Base.lproj/Main.storyboard; sourceTree = "<group>"; };
		EB4BB18224446EE400348E1A /* Assets.xcassets */ = {isa = PBXFileReference; lastKnownFileType = folder.assetcatalog; path = Assets.xcassets; sourceTree = "<group>"; };
		EB4BB18524446EE400348E1A /* Base */ = {isa = PBXFileReference; lastKnownFileType = file.storyboard; name = Base; path = Base.lproj/LaunchScreen.storyboard; sourceTree = "<group>"; };
		EB4BB18724446EE400348E1A /* Info.plist */ = {isa = PBXFileReference; lastKnownFileType = text.plist.xml; path = Info.plist; sourceTree = "<group>"; };
		EB4BB18D24446F3400348E1A /* Album.swift */ = {isa = PBXFileReference; lastKnownFileType = sourcecode.swift; path = Album.swift; sourceTree = "<group>"; };
		EB4BB18F24446FD100348E1A /* AlbumView.swift */ = {isa = PBXFileReference; lastKnownFileType = sourcecode.swift; path = AlbumView.swift; sourceTree = "<group>"; };
		EB4BB191244473AC00348E1A /* HTTPClient.swift */ = {isa = PBXFileReference; lastKnownFileType = sourcecode.swift; path = HTTPClient.swift; sourceTree = "<group>"; };
		EBD5D77F2445BF1900DD1E71 /* LibraryAPI.swift */ = {isa = PBXFileReference; lastKnownFileType = sourcecode.swift; path = LibraryAPI.swift; sourceTree = "<group>"; };
		EBD5D7812445BF8400DD1E71 /* PersistencyManager.swift */ = {isa = PBXFileReference; lastKnownFileType = sourcecode.swift; path = PersistencyManager.swift; sourceTree = "<group>"; };
/* End PBXFileReference section */

/* Begin PBXFrameworksBuildPhase section */
		EB4BB17324446EE200348E1A /* Frameworks */ = {
			isa = PBXFrameworksBuildPhase;
			buildActionMask = 2147483647;
			files = (
			);
			runOnlyForDeploymentPostprocessing = 0;
		};
/* End PBXFrameworksBuildPhase section */

/* Begin PBXGroup section */
		EB4BB16D24446EE200348E1A = {
			isa = PBXGroup;
			children = (
				EB4BB17824446EE200348E1A /* 18_blueLlibrary */,
				EB4BB17724446EE200348E1A /* Products */,
			);
			sourceTree = "<group>";
		};
		EB4BB17724446EE200348E1A /* Products */ = {
			isa = PBXGroup;
			children = (
				EB4BB17624446EE200348E1A /* 18_blueLlibrary.app */,
			);
			name = Products;
			sourceTree = "<group>";
		};
		EB4BB17824446EE200348E1A /* 18_blueLlibrary */ = {
			isa = PBXGroup;
			children = (
				EB4BB17924446EE200348E1A /* AppDelegate.swift */,
				EB4BB17B24446EE200348E1A /* SceneDelegate.swift */,
				EB4BB18424446EE400348E1A /* LaunchScreen.storyboard */,
				EB4BB18724446EE400348E1A /* Info.plist */,
				EB4BB194244477E000348E1A /* Controller */,
				EB4BB193244477C700348E1A /* API */,
				EB4BB1962444780A00348E1A /* View */,
				EB4BB195244477F600348E1A /* Model */,
				EB4BB17F24446EE200348E1A /* Main.storyboard */,
				EB4BB18224446EE400348E1A /* Assets.xcassets */,
			);
			path = 18_blueLlibrary;
			sourceTree = "<group>";
		};
		EB4BB193244477C700348E1A /* API */ = {
			isa = PBXGroup;
			children = (
				EBD5D77F2445BF1900DD1E71 /* LibraryAPI.swift */,
				EBD5D7812445BF8400DD1E71 /* PersistencyManager.swift */,
				EB4BB191244473AC00348E1A /* HTTPClient.swift */,
			);
			path = API;
			sourceTree = "<group>";
		};
		EB4BB194244477E000348E1A /* Controller */ = {
			isa = PBXGroup;
			children = (
				EB4BB17D24446EE200348E1A /* ViewController.swift */,
			);
			path = Controller;
			sourceTree = "<group>";
		};
		EB4BB195244477F600348E1A /* Model */ = {
			isa = PBXGroup;
			children = (
				EB4BB18D24446F3400348E1A /* Album.swift */,
			);
			path = Model;
			sourceTree = "<group>";
		};
		EB4BB1962444780A00348E1A /* View */ = {
			isa = PBXGroup;
			children = (
				EB4BB18F24446FD100348E1A /* AlbumView.swift */,
			);
			path = View;
			sourceTree = "<group>";
		};
/* End PBXGroup section */

/* Begin PBXNativeTarget section */
		EB4BB17524446EE200348E1A /* 18_blueLlibrary */ = {
			isa = PBXNativeTarget;
			buildConfigurationList = EB4BB18A24446EE400348E1A /* Build configuration list for PBXNativeTarget "18_blueLlibrary" */;
			buildPhases = (
				EB4BB17224446EE200348E1A /* Sources */,
				EB4BB17324446EE200348E1A /* Frameworks */,
				EB4BB17424446EE200348E1A /* Resources */,
			);
			buildRules = (
			);
			dependencies = (
			);
			name = 18_blueLlibrary;
			productName = 18_blueLlibrary;
			productReference = EB4BB17624446EE200348E1A /* 18_blueLlibrary.app */;
			productType = "com.apple.product-type.application";
		};
/* End PBXNativeTarget section */

/* Begin PBXProject section */
		EB4BB16E24446EE200348E1A /* Project object */ = {
			isa = PBXProject;
			attributes = {
				LastSwiftUpdateCheck = 1140;
				LastUpgradeCheck = 1140;
				ORGANIZATIONNAME = "이가영";
				TargetAttributes = {
					EB4BB17524446EE200348E1A = {
						CreatedOnToolsVersion = 11.4;
					};
				};
			};
			buildConfigurationList = EB4BB17124446EE200348E1A /* Build configuration list for PBXProject "18_blueLlibrary" */;
			compatibilityVersion = "Xcode 9.3";
			developmentRegion = en;
			hasScannedForEncodings = 0;
			knownRegions = (
				en,
				Base,
			);
			mainGroup = EB4BB16D24446EE200348E1A;
			productRefGroup = EB4BB17724446EE200348E1A /* Products */;
			projectDirPath = "";
			projectRoot = "";
			targets = (
				EB4BB17524446EE200348E1A /* 18_blueLlibrary */,
			);
		};
/* End PBXProject section */

/* Begin PBXResourcesBuildPhase section */
		EB4BB17424446EE200348E1A /* Resources */ = {
			isa = PBXResourcesBuildPhase;
			buildActionMask = 2147483647;
			files = (
				EB4BB18624446EE400348E1A /* LaunchScreen.storyboard in Resources */,
				EB4BB18324446EE400348E1A /* Assets.xcassets in Resources */,
				EB4BB18124446EE200348E1A /* Main.storyboard in Resources */,
			);
			runOnlyForDeploymentPostprocessing = 0;
		};
/* End PBXResourcesBuildPhase section */

/* Begin PBXSourcesBuildPhase section */
		EB4BB17224446EE200348E1A /* Sources */ = {
			isa = PBXSourcesBuildPhase;
			buildActionMask = 2147483647;
			files = (
				EB4BB17E24446EE200348E1A /* ViewController.swift in Sources */,
				EB4BB17A24446EE200348E1A /* AppDelegate.swift in Sources */,
				EB4BB192244473AC00348E1A /* HTTPClient.swift in Sources */,
				EB4BB17C24446EE200348E1A /* SceneDelegate.swift in Sources */,
				EB4BB19024446FD100348E1A /* AlbumView.swift in Sources */,
				EB4BB18E24446F3400348E1A /* Album.swift in Sources */,
				EBD5D7802445BF1900DD1E71 /* LibraryAPI.swift in Sources */,
				EBD5D7822445BF8400DD1E71 /* PersistencyManager.swift in Sources */,
			);
			runOnlyForDeploymentPostprocessing = 0;
		};
/* End PBXSourcesBuildPhase section */

/* Begin PBXVariantGroup section */
		EB4BB17F24446EE200348E1A /* Main.storyboard */ = {
			isa = PBXVariantGroup;
			children = (
				EB4BB18024446EE200348E1A /* Base */,
			);
			name = Main.storyboard;
			sourceTree = "<group>";
		};
		EB4BB18424446EE400348E1A /* LaunchScreen.storyboard */ = {
			isa = PBXVariantGroup;
			children = (
				EB4BB18524446EE400348E1A /* Base */,
			);
			name = LaunchScreen.storyboard;
			sourceTree = "<group>";
		};
/* End PBXVariantGroup section */

/* Begin XCBuildConfiguration section */
		EB4BB18824446EE400348E1A /* Debug */ = {
			isa = XCBuildConfiguration;
			buildSettings = {
				ALWAYS_SEARCH_USER_PATHS = NO;
				CLANG_ANALYZER_NONNULL = YES;
				CLANG_ANALYZER_NUMBER_OBJECT_CONVERSION = YES_AGGRESSIVE;
				CLANG_CXX_LANGUAGE_STANDARD = "gnu++14";
				CLANG_CXX_LIBRARY = "libc++";
				CLANG_ENABLE_MODULES = YES;
				CLANG_ENABLE_OBJC_ARC = YES;
				CLANG_ENABLE_OBJC_WEAK = YES;
				CLANG_WARN_BLOCK_CAPTURE_AUTORELEASING = YES;
				CLANG_WARN_BOOL_CONVERSION = YES;
				CLANG_WARN_COMMA = YES;
				CLANG_WARN_CONSTANT_CONVERSION = YES;
				CLANG_WARN_DEPRECATED_OBJC_IMPLEMENTATIONS = YES;
				CLANG_WARN_DIRECT_OBJC_ISA_USAGE = YES_ERROR;
				CLANG_WARN_DOCUMENTATION_COMMENTS = YES;
				CLANG_WARN_EMPTY_BODY = YES;
				CLANG_WARN_ENUM_CONVERSION = YES;
				CLANG_WARN_INFINITE_RECURSION = YES;
				CLANG_WARN_INT_CONVERSION = YES;
				CLANG_WARN_NON_LITERAL_NULL_CONVERSION = YES;
				CLANG_WARN_OBJC_IMPLICIT_RETAIN_SELF = YES;
				CLANG_WARN_OBJC_LITERAL_CONVERSION = YES;
				CLANG_WARN_OBJC_ROOT_CLASS = YES_ERROR;
				CLANG_WARN_RANGE_LOOP_ANALYSIS = YES;
				CLANG_WARN_STRICT_PROTOTYPES = YES;
				CLANG_WARN_SUSPICIOUS_MOVE = YES;
				CLANG_WARN_UNGUARDED_AVAILABILITY = YES_AGGRESSIVE;
				CLANG_WARN_UNREACHABLE_CODE = YES;
				CLANG_WARN__DUPLICATE_METHOD_MATCH = YES;
				COPY_PHASE_STRIP = NO;
				DEBUG_INFORMATION_FORMAT = dwarf;
				ENABLE_STRICT_OBJC_MSGSEND = YES;
				ENABLE_TESTABILITY = YES;
				GCC_C_LANGUAGE_STANDARD = gnu11;
				GCC_DYNAMIC_NO_PIC = NO;
				GCC_NO_COMMON_BLOCKS = YES;
				GCC_OPTIMIZATION_LEVEL = 0;
				GCC_PREPROCESSOR_DEFINITIONS = (
					"DEBUG=1",
					"$(inherited)",
				);
				GCC_WARN_64_TO_32_BIT_CONVERSION = YES;
				GCC_WARN_ABOUT_RETURN_TYPE = YES_ERROR;
				GCC_WARN_UNDECLARED_SELECTOR = YES;
				GCC_WARN_UNINITIALIZED_AUTOS = YES_AGGRESSIVE;
				GCC_WARN_UNUSED_FUNCTION = YES;
				GCC_WARN_UNUSED_VARIABLE = YES;
				IPHONEOS_DEPLOYMENT_TARGET = 13.4;
				MTL_ENABLE_DEBUG_INFO = INCLUDE_SOURCE;
				MTL_FAST_MATH = YES;
				ONLY_ACTIVE_ARCH = YES;
				SDKROOT = iphoneos;
				SWIFT_ACTIVE_COMPILATION_CONDITIONS = DEBUG;
				SWIFT_OPTIMIZATION_LEVEL = "-Onone";
			};
			name = Debug;
		};
		EB4BB18924446EE400348E1A /* Release */ = {
			isa = XCBuildConfiguration;
			buildSettings = {
				ALWAYS_SEARCH_USER_PATHS = NO;
				CLANG_ANALYZER_NONNULL = YES;
				CLANG_ANALYZER_NUMBER_OBJECT_CONVERSION = YES_AGGRESSIVE;
				CLANG_CXX_LANGUAGE_STANDARD = "gnu++14";
				CLANG_CXX_LIBRARY = "libc++";
				CLANG_ENABLE_MODULES = YES;
				CLANG_ENABLE_OBJC_ARC = YES;
				CLANG_ENABLE_OBJC_WEAK = YES;
				CLANG_WARN_BLOCK_CAPTURE_AUTORELEASING = YES;
				CLANG_WARN_BOOL_CONVERSION = YES;
				CLANG_WARN_COMMA = YES;
				CLANG_WARN_CONSTANT_CONVERSION = YES;
				CLANG_WARN_DEPRECATED_OBJC_IMPLEMENTATIONS = YES;
				CLANG_WARN_DIRECT_OBJC_ISA_USAGE = YES_ERROR;
				CLANG_WARN_DOCUMENTATION_COMMENTS = YES;
				CLANG_WARN_EMPTY_BODY = YES;
				CLANG_WARN_ENUM_CONVERSION = YES;
				CLANG_WARN_INFINITE_RECURSION = YES;
				CLANG_WARN_INT_CONVERSION = YES;
				CLANG_WARN_NON_LITERAL_NULL_CONVERSION = YES;
				CLANG_WARN_OBJC_IMPLICIT_RETAIN_SELF = YES;
				CLANG_WARN_OBJC_LITERAL_CONVERSION = YES;
				CLANG_WARN_OBJC_ROOT_CLASS = YES_ERROR;
				CLANG_WARN_RANGE_LOOP_ANALYSIS = YES;
				CLANG_WARN_STRICT_PROTOTYPES = YES;
				CLANG_WARN_SUSPICIOUS_MOVE = YES;
				CLANG_WARN_UNGUARDED_AVAILABILITY = YES_AGGRESSIVE;
				CLANG_WARN_UNREACHABLE_CODE = YES;
				CLANG_WARN__DUPLICATE_METHOD_MATCH = YES;
				COPY_PHASE_STRIP = NO;
				DEBUG_INFORMATION_FORMAT = "dwarf-with-dsym";
				ENABLE_NS_ASSERTIONS = NO;
				ENABLE_STRICT_OBJC_MSGSEND = YES;
				GCC_C_LANGUAGE_STANDARD = gnu11;
				GCC_NO_COMMON_BLOCKS = YES;
				GCC_WARN_64_TO_32_BIT_CONVERSION = YES;
				GCC_WARN_ABOUT_RETURN_TYPE = YES_ERROR;
				GCC_WARN_UNDECLARED_SELECTOR = YES;
				GCC_WARN_UNINITIALIZED_AUTOS = YES_AGGRESSIVE;
				GCC_WARN_UNUSED_FUNCTION = YES;
				GCC_WARN_UNUSED_VARIABLE = YES;
				IPHONEOS_DEPLOYMENT_TARGET = 13.4;
				MTL_ENABLE_DEBUG_INFO = NO;
				MTL_FAST_MATH = YES;
				SDKROOT = iphoneos;
				SWIFT_COMPILATION_MODE = wholemodule;
				SWIFT_OPTIMIZATION_LEVEL = "-O";
				VALIDATE_PRODUCT = YES;
			};
			name = Release;
		};
		EB4BB18B24446EE400348E1A /* Debug */ = {
			isa = XCBuildConfiguration;
			buildSettings = {
				ASSETCATALOG_COMPILER_APPICON_NAME = AppIcon;
				CODE_SIGN_STYLE = Automatic;
				INFOPLIST_FILE = 18_blueLlibrary/Info.plist;
				LD_RUNPATH_SEARCH_PATHS = (
					"$(inherited)",
					"@executable_path/Frameworks",
				);
				PRODUCT_BUNDLE_IDENTIFIER = "com.develop.-8-blueLlibrary";
				PRODUCT_NAME = "$(TARGET_NAME)";
				SWIFT_VERSION = 5.0;
				TARGETED_DEVICE_FAMILY = "1,2";
			};
			name = Debug;
		};
		EB4BB18C24446EE400348E1A /* Release */ = {
			isa = XCBuildConfiguration;
			buildSettings = {
				ASSETCATALOG_COMPILER_APPICON_NAME = AppIcon;
				CODE_SIGN_STYLE = Automatic;
				INFOPLIST_FILE = 18_blueLlibrary/Info.plist;
				LD_RUNPATH_SEARCH_PATHS = (
					"$(inherited)",
					"@executable_path/Frameworks",
				);
				PRODUCT_BUNDLE_IDENTIFIER = "com.develop.-8-blueLlibrary";
				PRODUCT_NAME = "$(TARGET_NAME)";
				SWIFT_VERSION = 5.0;
				TARGETED_DEVICE_FAMILY = "1,2";
			};
			name = Release;
		};
/* End XCBuildConfiguration section */

/* Begin XCConfigurationList section */
		EB4BB17124446EE200348E1A /* Build configuration list for PBXProject "18_blueLlibrary" */ = {
			isa = XCConfigurationList;
			buildConfigurations = (
				EB4BB18824446EE400348E1A /* Debug */,
				EB4BB18924446EE400348E1A /* Release */,
			);
			defaultConfigurationIsVisible = 0;
			defaultConfigurationName = Release;
		};
		EB4BB18A24446EE400348E1A /* Build configuration list for PBXNativeTarget "18_blueLlibrary" */ = {
			isa = XCConfigurationList;
			buildConfigurations = (
				EB4BB18B24446EE400348E1A /* Debug */,
				EB4BB18C24446EE400348E1A /* Release */,
			);
			defaultConfigurationIsVisible = 0;
			defaultConfigurationName = Release;
		};
/* End XCConfigurationList section */
	};
	rootObject = EB4BB16E24446EE200348E1A /* Project object */;
}
