// !$*UTF8*$!
{
	archiveVersion = 1;
	classes = {
	};
	objectVersion = 50;
	objects = {

/* Begin PBXBuildFile section */
		EB12C9CB2461274D00D1D6C7 /* AppDelegate.swift in Sources */ = {isa = PBXBuildFile; fileRef = EB12C9CA2461274D00D1D6C7 /* AppDelegate.swift */; };
		EB12C9CD2461274D00D1D6C7 /* SceneDelegate.swift in Sources */ = {isa = PBXBuildFile; fileRef = EB12C9CC2461274D00D1D6C7 /* SceneDelegate.swift */; };
		EB12C9D22461274D00D1D6C7 /* Main.storyboard in Resources */ = {isa = PBXBuildFile; fileRef = EB12C9D02461274D00D1D6C7 /* Main.storyboard */; };
		EB12C9D42461275000D1D6C7 /* Assets.xcassets in Resources */ = {isa = PBXBuildFile; fileRef = EB12C9D32461275000D1D6C7 /* Assets.xcassets */; };
		EB12C9D72461275000D1D6C7 /* LaunchScreen.storyboard in Resources */ = {isa = PBXBuildFile; fileRef = EB12C9D52461275000D1D6C7 /* LaunchScreen.storyboard */; };
		EB12C9DF24612A6400D1D6C7 /* MainTableViewController.swift in Sources */ = {isa = PBXBuildFile; fileRef = EB12C9DE24612A6400D1D6C7 /* MainTableViewController.swift */; };
		EB1D38AE24612F6B0025F9DC /* MainTableViewCell.swift in Sources */ = {isa = PBXBuildFile; fileRef = EB1D38AD24612F6B0025F9DC /* MainTableViewCell.swift */; };
		EB1D38B2246138B00025F9DC /* stopWatchViewController.swift in Sources */ = {isa = PBXBuildFile; fileRef = EB1D38B1246138B00025F9DC /* stopWatchViewController.swift */; };
		EB1D38B4246138C10025F9DC /* TimerViewController.swift in Sources */ = {isa = PBXBuildFile; fileRef = EB1D38B3246138C10025F9DC /* TimerViewController.swift */; };
		EB64158924613FF700AA3F14 /* MainDetailViewController.swift in Sources */ = {isa = PBXBuildFile; fileRef = EB64158824613FF700AA3F14 /* MainDetailViewController.swift */; };
		EB80B4EA2477D29A0054D7B7 /* TimerMD.swift in Sources */ = {isa = PBXBuildFile; fileRef = EB80B4E92477D29A0054D7B7 /* TimerMD.swift */; };
		EBA7CF89246404C7008CEED7 /* AlramTableViewCell.swift in Sources */ = {isa = PBXBuildFile; fileRef = EBA7CF88246404C7008CEED7 /* AlramTableViewCell.swift */; };
		EBCC38352462CB7000F30360 /* stopWatchMD.swift in Sources */ = {isa = PBXBuildFile; fileRef = EBCC38342462CB7000F30360 /* stopWatchMD.swift */; };
/* End PBXBuildFile section */

/* Begin PBXFileReference section */
		EB12C9C72461274D00D1D6C7 /* Watch.app */ = {isa = PBXFileReference; explicitFileType = wrapper.application; includeInIndex = 0; path = Watch.app; sourceTree = BUILT_PRODUCTS_DIR; };
		EB12C9CA2461274D00D1D6C7 /* AppDelegate.swift */ = {isa = PBXFileReference; lastKnownFileType = sourcecode.swift; path = AppDelegate.swift; sourceTree = "<group>"; };
		EB12C9CC2461274D00D1D6C7 /* SceneDelegate.swift */ = {isa = PBXFileReference; lastKnownFileType = sourcecode.swift; path = SceneDelegate.swift; sourceTree = "<group>"; };
		EB12C9D12461274D00D1D6C7 /* Base */ = {isa = PBXFileReference; lastKnownFileType = file.storyboard; name = Base; path = Base.lproj/Main.storyboard; sourceTree = "<group>"; };
		EB12C9D32461275000D1D6C7 /* Assets.xcassets */ = {isa = PBXFileReference; lastKnownFileType = folder.assetcatalog; path = Assets.xcassets; sourceTree = "<group>"; };
		EB12C9D62461275000D1D6C7 /* Base */ = {isa = PBXFileReference; lastKnownFileType = file.storyboard; name = Base; path = Base.lproj/LaunchScreen.storyboard; sourceTree = "<group>"; };
		EB12C9D82461275000D1D6C7 /* Info.plist */ = {isa = PBXFileReference; lastKnownFileType = text.plist.xml; path = Info.plist; sourceTree = "<group>"; };
		EB12C9DE24612A6400D1D6C7 /* MainTableViewController.swift */ = {isa = PBXFileReference; lastKnownFileType = sourcecode.swift; path = MainTableViewController.swift; sourceTree = "<group>"; };
		EB1D38AD24612F6B0025F9DC /* MainTableViewCell.swift */ = {isa = PBXFileReference; lastKnownFileType = sourcecode.swift; path = MainTableViewCell.swift; sourceTree = "<group>"; };
		EB1D38B1246138B00025F9DC /* stopWatchViewController.swift */ = {isa = PBXFileReference; lastKnownFileType = sourcecode.swift; path = stopWatchViewController.swift; sourceTree = "<group>"; };
		EB1D38B3246138C10025F9DC /* TimerViewController.swift */ = {isa = PBXFileReference; lastKnownFileType = sourcecode.swift; path = TimerViewController.swift; sourceTree = "<group>"; };
		EB64158824613FF700AA3F14 /* MainDetailViewController.swift */ = {isa = PBXFileReference; lastKnownFileType = sourcecode.swift; path = MainDetailViewController.swift; sourceTree = "<group>"; };
		EB80B4E92477D29A0054D7B7 /* TimerMD.swift */ = {isa = PBXFileReference; lastKnownFileType = sourcecode.swift; path = TimerMD.swift; sourceTree = "<group>"; };
		EBA7CF88246404C7008CEED7 /* AlramTableViewCell.swift */ = {isa = PBXFileReference; lastKnownFileType = sourcecode.swift; path = AlramTableViewCell.swift; sourceTree = "<group>"; };
		EBCC38342462CB7000F30360 /* stopWatchMD.swift */ = {isa = PBXFileReference; lastKnownFileType = sourcecode.swift; path = stopWatchMD.swift; sourceTree = "<group>"; };
/* End PBXFileReference section */

/* Begin PBXFrameworksBuildPhase section */
		EB12C9C42461274D00D1D6C7 /* Frameworks */ = {
			isa = PBXFrameworksBuildPhase;
			buildActionMask = 2147483647;
			files = (
			);
			runOnlyForDeploymentPostprocessing = 0;
		};
/* End PBXFrameworksBuildPhase section */

/* Begin PBXGroup section */
		EB12C9BE2461274D00D1D6C7 = {
			isa = PBXGroup;
			children = (
				EB12C9C92461274D00D1D6C7 /* Watch */,
				EB12C9C82461274D00D1D6C7 /* Products */,
			);
			sourceTree = "<group>";
		};
		EB12C9C82461274D00D1D6C7 /* Products */ = {
			isa = PBXGroup;
			children = (
				EB12C9C72461274D00D1D6C7 /* Watch.app */,
			);
			name = Products;
			sourceTree = "<group>";
		};
		EB12C9C92461274D00D1D6C7 /* Watch */ = {
			isa = PBXGroup;
			children = (
				EB1D38B624613A1F0025F9DC /* Cell */,
				EB1D38B5246139FD0025F9DC /* View */,
				EBCC38332462CB4D00F30360 /* Model */,
				EB12C9CC2461274D00D1D6C7 /* SceneDelegate.swift */,
				EB12C9D02461274D00D1D6C7 /* Main.storyboard */,
				EB12C9CA2461274D00D1D6C7 /* AppDelegate.swift */,
				EB12C9D32461275000D1D6C7 /* Assets.xcassets */,
				EB12C9D52461275000D1D6C7 /* LaunchScreen.storyboard */,
				EB12C9D82461275000D1D6C7 /* Info.plist */,
			);
			path = Watch;
			sourceTree = "<group>";
		};
		EB1D38B5246139FD0025F9DC /* View */ = {
			isa = PBXGroup;
			children = (
				EB1D38B1246138B00025F9DC /* stopWatchViewController.swift */,
				EB12C9DE24612A6400D1D6C7 /* MainTableViewController.swift */,
				EB64158824613FF700AA3F14 /* MainDetailViewController.swift */,
				EB1D38B3246138C10025F9DC /* TimerViewController.swift */,
			);
			path = View;
			sourceTree = "<group>";
		};
		EB1D38B624613A1F0025F9DC /* Cell */ = {
			isa = PBXGroup;
			children = (
				EB1D38AD24612F6B0025F9DC /* MainTableViewCell.swift */,
				EBA7CF88246404C7008CEED7 /* AlramTableViewCell.swift */,
			);
			path = Cell;
			sourceTree = "<group>";
		};
		EBCC38332462CB4D00F30360 /* Model */ = {
			isa = PBXGroup;
			children = (
				EB80B4E92477D29A0054D7B7 /* TimerMD.swift */,
				EBCC38342462CB7000F30360 /* stopWatchMD.swift */,
			);
			path = Model;
			sourceTree = "<group>";
		};
/* End PBXGroup section */

/* Begin PBXNativeTarget section */
		EB12C9C62461274D00D1D6C7 /* Watch */ = {
			isa = PBXNativeTarget;
			buildConfigurationList = EB12C9DB2461275000D1D6C7 /* Build configuration list for PBXNativeTarget "Watch" */;
			buildPhases = (
				EB12C9C32461274D00D1D6C7 /* Sources */,
				EB12C9C42461274D00D1D6C7 /* Frameworks */,
				EB12C9C52461274D00D1D6C7 /* Resources */,
			);
			buildRules = (
			);
			dependencies = (
			);
			name = Watch;
			productName = Watch;
			productReference = EB12C9C72461274D00D1D6C7 /* Watch.app */;
			productType = "com.apple.product-type.application";
		};
/* End PBXNativeTarget section */

/* Begin PBXProject section */
		EB12C9BF2461274D00D1D6C7 /* Project object */ = {
			isa = PBXProject;
			attributes = {
				LastSwiftUpdateCheck = 1140;
				LastUpgradeCheck = 1140;
				ORGANIZATIONNAME = "이가영";
				TargetAttributes = {
					EB12C9C62461274D00D1D6C7 = {
						CreatedOnToolsVersion = 11.4.1;
					};
				};
			};
			buildConfigurationList = EB12C9C22461274D00D1D6C7 /* Build configuration list for PBXProject "Watch" */;
			compatibilityVersion = "Xcode 9.3";
			developmentRegion = en;
			hasScannedForEncodings = 0;
			knownRegions = (
				en,
				Base,
			);
			mainGroup = EB12C9BE2461274D00D1D6C7;
			productRefGroup = EB12C9C82461274D00D1D6C7 /* Products */;
			projectDirPath = "";
			projectRoot = "";
			targets = (
				EB12C9C62461274D00D1D6C7 /* Watch */,
			);
		};
/* End PBXProject section */

/* Begin PBXResourcesBuildPhase section */
		EB12C9C52461274D00D1D6C7 /* Resources */ = {
			isa = PBXResourcesBuildPhase;
			buildActionMask = 2147483647;
			files = (
				EB12C9D72461275000D1D6C7 /* LaunchScreen.storyboard in Resources */,
				EB12C9D42461275000D1D6C7 /* Assets.xcassets in Resources */,
				EB12C9D22461274D00D1D6C7 /* Main.storyboard in Resources */,
			);
			runOnlyForDeploymentPostprocessing = 0;
		};
/* End PBXResourcesBuildPhase section */

/* Begin PBXSourcesBuildPhase section */
		EB12C9C32461274D00D1D6C7 /* Sources */ = {
			isa = PBXSourcesBuildPhase;
			buildActionMask = 2147483647;
			files = (
				EB80B4EA2477D29A0054D7B7 /* TimerMD.swift in Sources */,
				EB64158924613FF700AA3F14 /* MainDetailViewController.swift in Sources */,
				EB12C9CB2461274D00D1D6C7 /* AppDelegate.swift in Sources */,
				EB12C9DF24612A6400D1D6C7 /* MainTableViewController.swift in Sources */,
				EBA7CF89246404C7008CEED7 /* AlramTableViewCell.swift in Sources */,
				EB1D38AE24612F6B0025F9DC /* MainTableViewCell.swift in Sources */,
				EB1D38B4246138C10025F9DC /* TimerViewController.swift in Sources */,
				EB1D38B2246138B00025F9DC /* stopWatchViewController.swift in Sources */,
				EB12C9CD2461274D00D1D6C7 /* SceneDelegate.swift in Sources */,
				EBCC38352462CB7000F30360 /* stopWatchMD.swift in Sources */,
			);
			runOnlyForDeploymentPostprocessing = 0;
		};
/* End PBXSourcesBuildPhase section */

/* Begin PBXVariantGroup section */
		EB12C9D02461274D00D1D6C7 /* Main.storyboard */ = {
			isa = PBXVariantGroup;
			children = (
				EB12C9D12461274D00D1D6C7 /* Base */,
			);
			name = Main.storyboard;
			sourceTree = "<group>";
		};
		EB12C9D52461275000D1D6C7 /* LaunchScreen.storyboard */ = {
			isa = PBXVariantGroup;
			children = (
				EB12C9D62461275000D1D6C7 /* Base */,
			);
			name = LaunchScreen.storyboard;
			sourceTree = "<group>";
		};
/* End PBXVariantGroup section */

/* Begin XCBuildConfiguration section */
		EB12C9D92461275000D1D6C7 /* Debug */ = {
			isa = XCBuildConfiguration;
			buildSettings = {
				ALWAYS_SEARCH_USER_PATHS = NO;
				CLANG_ANALYZER_NONNULL = YES;
				CLANG_ANALYZER_NUMBER_OBJECT_CONVERSION = YES_AGGRESSIVE;
				CLANG_CXX_LANGUAGE_STANDARD = "gnu++14";
				CLANG_CXX_LIBRARY = "libc++";
				CLANG_ENABLE_MODULES = YES;
				CLANG_ENABLE_OBJC_ARC = YES;
				CLANG_ENABLE_OBJC_WEAK = YES;
				CLANG_WARN_BLOCK_CAPTURE_AUTORELEASING = YES;
				CLANG_WARN_BOOL_CONVERSION = YES;
				CLANG_WARN_COMMA = YES;
				CLANG_WARN_CONSTANT_CONVERSION = YES;
				CLANG_WARN_DEPRECATED_OBJC_IMPLEMENTATIONS = YES;
				CLANG_WARN_DIRECT_OBJC_ISA_USAGE = YES_ERROR;
				CLANG_WARN_DOCUMENTATION_COMMENTS = YES;
				CLANG_WARN_EMPTY_BODY = YES;
				CLANG_WARN_ENUM_CONVERSION = YES;
				CLANG_WARN_INFINITE_RECURSION = YES;
				CLANG_WARN_INT_CONVERSION = YES;
				CLANG_WARN_NON_LITERAL_NULL_CONVERSION = YES;
				CLANG_WARN_OBJC_IMPLICIT_RETAIN_SELF = YES;
				CLANG_WARN_OBJC_LITERAL_CONVERSION = YES;
				CLANG_WARN_OBJC_ROOT_CLASS = YES_ERROR;
				CLANG_WARN_RANGE_LOOP_ANALYSIS = YES;
				CLANG_WARN_STRICT_PROTOTYPES = YES;
				CLANG_WARN_SUSPICIOUS_MOVE = YES;
				CLANG_WARN_UNGUARDED_AVAILABILITY = YES_AGGRESSIVE;
				CLANG_WARN_UNREACHABLE_CODE = YES;
				CLANG_WARN__DUPLICATE_METHOD_MATCH = YES;
				COPY_PHASE_STRIP = NO;
				DEBUG_INFORMATION_FORMAT = dwarf;
				ENABLE_STRICT_OBJC_MSGSEND = YES;
				ENABLE_TESTABILITY = YES;
				GCC_C_LANGUAGE_STANDARD = gnu11;
				GCC_DYNAMIC_NO_PIC = NO;
				GCC_NO_COMMON_BLOCKS = YES;
				GCC_OPTIMIZATION_LEVEL = 0;
				GCC_PREPROCESSOR_DEFINITIONS = (
					"DEBUG=1",
					"$(inherited)",
				);
				GCC_WARN_64_TO_32_BIT_CONVERSION = YES;
				GCC_WARN_ABOUT_RETURN_TYPE = YES_ERROR;
				GCC_WARN_UNDECLARED_SELECTOR = YES;
				GCC_WARN_UNINITIALIZED_AUTOS = YES_AGGRESSIVE;
				GCC_WARN_UNUSED_FUNCTION = YES;
				GCC_WARN_UNUSED_VARIABLE = YES;
				IPHONEOS_DEPLOYMENT_TARGET = 13.4;
				MTL_ENABLE_DEBUG_INFO = INCLUDE_SOURCE;
				MTL_FAST_MATH = YES;
				ONLY_ACTIVE_ARCH = YES;
				SDKROOT = iphoneos;
				SWIFT_ACTIVE_COMPILATION_CONDITIONS = DEBUG;
				SWIFT_OPTIMIZATION_LEVEL = "-Onone";
			};
			name = Debug;
		};
		EB12C9DA2461275000D1D6C7 /* Release */ = {
			isa = XCBuildConfiguration;
			buildSettings = {
				ALWAYS_SEARCH_USER_PATHS = NO;
				CLANG_ANALYZER_NONNULL = YES;
				CLANG_ANALYZER_NUMBER_OBJECT_CONVERSION = YES_AGGRESSIVE;
				CLANG_CXX_LANGUAGE_STANDARD = "gnu++14";
				CLANG_CXX_LIBRARY = "libc++";
				CLANG_ENABLE_MODULES = YES;
				CLANG_ENABLE_OBJC_ARC = YES;
				CLANG_ENABLE_OBJC_WEAK = YES;
				CLANG_WARN_BLOCK_CAPTURE_AUTORELEASING = YES;
				CLANG_WARN_BOOL_CONVERSION = YES;
				CLANG_WARN_COMMA = YES;
				CLANG_WARN_CONSTANT_CONVERSION = YES;
				CLANG_WARN_DEPRECATED_OBJC_IMPLEMENTATIONS = YES;
				CLANG_WARN_DIRECT_OBJC_ISA_USAGE = YES_ERROR;
				CLANG_WARN_DOCUMENTATION_COMMENTS = YES;
				CLANG_WARN_EMPTY_BODY = YES;
				CLANG_WARN_ENUM_CONVERSION = YES;
				CLANG_WARN_INFINITE_RECURSION = YES;
				CLANG_WARN_INT_CONVERSION = YES;
				CLANG_WARN_NON_LITERAL_NULL_CONVERSION = YES;
				CLANG_WARN_OBJC_IMPLICIT_RETAIN_SELF = YES;
				CLANG_WARN_OBJC_LITERAL_CONVERSION = YES;
				CLANG_WARN_OBJC_ROOT_CLASS = YES_ERROR;
				CLANG_WARN_RANGE_LOOP_ANALYSIS = YES;
				CLANG_WARN_STRICT_PROTOTYPES = YES;
				CLANG_WARN_SUSPICIOUS_MOVE = YES;
				CLANG_WARN_UNGUARDED_AVAILABILITY = YES_AGGRESSIVE;
				CLANG_WARN_UNREACHABLE_CODE = YES;
				CLANG_WARN__DUPLICATE_METHOD_MATCH = YES;
				COPY_PHASE_STRIP = NO;
				DEBUG_INFORMATION_FORMAT = "dwarf-with-dsym";
				ENABLE_NS_ASSERTIONS = NO;
				ENABLE_STRICT_OBJC_MSGSEND = YES;
				GCC_C_LANGUAGE_STANDARD = gnu11;
				GCC_NO_COMMON_BLOCKS = YES;
				GCC_WARN_64_TO_32_BIT_CONVERSION = YES;
				GCC_WARN_ABOUT_RETURN_TYPE = YES_ERROR;
				GCC_WARN_UNDECLARED_SELECTOR = YES;
				GCC_WARN_UNINITIALIZED_AUTOS = YES_AGGRESSIVE;
				GCC_WARN_UNUSED_FUNCTION = YES;
				GCC_WARN_UNUSED_VARIABLE = YES;
				IPHONEOS_DEPLOYMENT_TARGET = 13.4;
				MTL_ENABLE_DEBUG_INFO = NO;
				MTL_FAST_MATH = YES;
				SDKROOT = iphoneos;
				SWIFT_COMPILATION_MODE = wholemodule;
				SWIFT_OPTIMIZATION_LEVEL = "-O";
				VALIDATE_PRODUCT = YES;
			};
			name = Release;
		};
		EB12C9DC2461275000D1D6C7 /* Debug */ = {
			isa = XCBuildConfiguration;
			buildSettings = {
				ASSETCATALOG_COMPILER_APPICON_NAME = AppIcon;
				CODE_SIGN_STYLE = Automatic;
				INFOPLIST_FILE = Watch/Info.plist;
				LD_RUNPATH_SEARCH_PATHS = (
					"$(inherited)",
					"@executable_path/Frameworks",
				);
				PRODUCT_BUNDLE_IDENTIFIER = com.develop.Watch;
				PRODUCT_NAME = "$(TARGET_NAME)";
				SWIFT_VERSION = 5.0;
				TARGETED_DEVICE_FAMILY = "1,2";
			};
			name = Debug;
		};
		EB12C9DD2461275000D1D6C7 /* Release */ = {
			isa = XCBuildConfiguration;
			buildSettings = {
				ASSETCATALOG_COMPILER_APPICON_NAME = AppIcon;
				CODE_SIGN_STYLE = Automatic;
				INFOPLIST_FILE = Watch/Info.plist;
				LD_RUNPATH_SEARCH_PATHS = (
					"$(inherited)",
					"@executable_path/Frameworks",
				);
				PRODUCT_BUNDLE_IDENTIFIER = com.develop.Watch;
				PRODUCT_NAME = "$(TARGET_NAME)";
				SWIFT_VERSION = 5.0;
				TARGETED_DEVICE_FAMILY = "1,2";
			};
			name = Release;
		};
/* End XCBuildConfiguration section */

/* Begin XCConfigurationList section */
		EB12C9C22461274D00D1D6C7 /* Build configuration list for PBXProject "Watch" */ = {
			isa = XCConfigurationList;
			buildConfigurations = (
				EB12C9D92461275000D1D6C7 /* Debug */,
				EB12C9DA2461275000D1D6C7 /* Release */,
			);
			defaultConfigurationIsVisible = 0;
			defaultConfigurationName = Release;
		};
		EB12C9DB2461275000D1D6C7 /* Build configuration list for PBXNativeTarget "Watch" */ = {
			isa = XCConfigurationList;
			buildConfigurations = (
				EB12C9DC2461275000D1D6C7 /* Debug */,
				EB12C9DD2461275000D1D6C7 /* Release */,
			);
			defaultConfigurationIsVisible = 0;
			defaultConfigurationName = Release;
		};
/* End XCConfigurationList section */
	};
	rootObject = EB12C9BF2461274D00D1D6C7 /* Project object */;
}
