// !$*UTF8*$!
{
	archiveVersion = 1;
	classes = {
	};
	objectVersion = 50;
	objects = {

/* Begin PBXBuildFile section */
		EBC9DF1D2431BF3E001A8E9E /* AppDelegate.swift in Sources */ = {isa = PBXBuildFile; fileRef = EBC9DF1C2431BF3E001A8E9E /* AppDelegate.swift */; };
		EBC9DF1F2431BF3E001A8E9E /* SceneDelegate.swift in Sources */ = {isa = PBXBuildFile; fileRef = EBC9DF1E2431BF3E001A8E9E /* SceneDelegate.swift */; };
		EBC9DF212431BF3E001A8E9E /* ViewController.swift in Sources */ = {isa = PBXBuildFile; fileRef = EBC9DF202431BF3E001A8E9E /* ViewController.swift */; };
		EBC9DF242431BF3E001A8E9E /* Main.storyboard in Resources */ = {isa = PBXBuildFile; fileRef = EBC9DF222431BF3E001A8E9E /* Main.storyboard */; };
		EBC9DF262431BF41001A8E9E /* Assets.xcassets in Resources */ = {isa = PBXBuildFile; fileRef = EBC9DF252431BF41001A8E9E /* Assets.xcassets */; };
		EBC9DF292431BF41001A8E9E /* LaunchScreen.storyboard in Resources */ = {isa = PBXBuildFile; fileRef = EBC9DF272431BF41001A8E9E /* LaunchScreen.storyboard */; };
/* End PBXBuildFile section */

/* Begin PBXFileReference section */
		EBC9DF192431BF3E001A8E9E /* 14_ QuoraDots.app */ = {isa = PBXFileReference; explicitFileType = wrapper.application; includeInIndex = 0; path = "14_ QuoraDots.app"; sourceTree = BUILT_PRODUCTS_DIR; };
		EBC9DF1C2431BF3E001A8E9E /* AppDelegate.swift */ = {isa = PBXFileReference; lastKnownFileType = sourcecode.swift; path = AppDelegate.swift; sourceTree = "<group>"; };
		EBC9DF1E2431BF3E001A8E9E /* SceneDelegate.swift */ = {isa = PBXFileReference; lastKnownFileType = sourcecode.swift; path = SceneDelegate.swift; sourceTree = "<group>"; };
		EBC9DF202431BF3E001A8E9E /* ViewController.swift */ = {isa = PBXFileReference; lastKnownFileType = sourcecode.swift; path = ViewController.swift; sourceTree = "<group>"; };
		EBC9DF232431BF3E001A8E9E /* Base */ = {isa = PBXFileReference; lastKnownFileType = file.storyboard; name = Base; path = Base.lproj/Main.storyboard; sourceTree = "<group>"; };
		EBC9DF252431BF41001A8E9E /* Assets.xcassets */ = {isa = PBXFileReference; lastKnownFileType = folder.assetcatalog; path = Assets.xcassets; sourceTree = "<group>"; };
		EBC9DF282431BF41001A8E9E /* Base */ = {isa = PBXFileReference; lastKnownFileType = file.storyboard; name = Base; path = Base.lproj/LaunchScreen.storyboard; sourceTree = "<group>"; };
		EBC9DF2A2431BF41001A8E9E /* Info.plist */ = {isa = PBXFileReference; lastKnownFileType = text.plist.xml; path = Info.plist; sourceTree = "<group>"; };
/* End PBXFileReference section */

/* Begin PBXFrameworksBuildPhase section */
		EBC9DF162431BF3D001A8E9E /* Frameworks */ = {
			isa = PBXFrameworksBuildPhase;
			buildActionMask = 2147483647;
			files = (
			);
			runOnlyForDeploymentPostprocessing = 0;
		};
/* End PBXFrameworksBuildPhase section */

/* Begin PBXGroup section */
		EBC9DF102431BF3D001A8E9E = {
			isa = PBXGroup;
			children = (
				EBC9DF1B2431BF3E001A8E9E /* 14_ QuoraDots */,
				EBC9DF1A2431BF3E001A8E9E /* Products */,
			);
			sourceTree = "<group>";
		};
		EBC9DF1A2431BF3E001A8E9E /* Products */ = {
			isa = PBXGroup;
			children = (
				EBC9DF192431BF3E001A8E9E /* 14_ QuoraDots.app */,
			);
			name = Products;
			sourceTree = "<group>";
		};
		EBC9DF1B2431BF3E001A8E9E /* 14_ QuoraDots */ = {
			isa = PBXGroup;
			children = (
				EBC9DF1C2431BF3E001A8E9E /* AppDelegate.swift */,
				EBC9DF1E2431BF3E001A8E9E /* SceneDelegate.swift */,
				EBC9DF202431BF3E001A8E9E /* ViewController.swift */,
				EBC9DF222431BF3E001A8E9E /* Main.storyboard */,
				EBC9DF252431BF41001A8E9E /* Assets.xcassets */,
				EBC9DF272431BF41001A8E9E /* LaunchScreen.storyboard */,
				EBC9DF2A2431BF41001A8E9E /* Info.plist */,
			);
			path = "14_ QuoraDots";
			sourceTree = "<group>";
		};
/* End PBXGroup section */

/* Begin PBXNativeTarget section */
		EBC9DF182431BF3D001A8E9E /* 14_ QuoraDots */ = {
			isa = PBXNativeTarget;
			buildConfigurationList = EBC9DF2D2431BF41001A8E9E /* Build configuration list for PBXNativeTarget "14_ QuoraDots" */;
			buildPhases = (
				EBC9DF152431BF3D001A8E9E /* Sources */,
				EBC9DF162431BF3D001A8E9E /* Frameworks */,
				EBC9DF172431BF3D001A8E9E /* Resources */,
			);
			buildRules = (
			);
			dependencies = (
			);
			name = "14_ QuoraDots";
			productName = "14_ QuoraDots";
			productReference = EBC9DF192431BF3E001A8E9E /* 14_ QuoraDots.app */;
			productType = "com.apple.product-type.application";
		};
/* End PBXNativeTarget section */

/* Begin PBXProject section */
		EBC9DF112431BF3D001A8E9E /* Project object */ = {
			isa = PBXProject;
			attributes = {
				LastSwiftUpdateCheck = 1140;
				LastUpgradeCheck = 1140;
				ORGANIZATIONNAME = "이가영";
				TargetAttributes = {
					EBC9DF182431BF3D001A8E9E = {
						CreatedOnToolsVersion = 11.4;
					};
				};
			};
			buildConfigurationList = EBC9DF142431BF3D001A8E9E /* Build configuration list for PBXProject "14_ QuoraDots" */;
			compatibilityVersion = "Xcode 9.3";
			developmentRegion = en;
			hasScannedForEncodings = 0;
			knownRegions = (
				en,
				Base,
			);
			mainGroup = EBC9DF102431BF3D001A8E9E;
			productRefGroup = EBC9DF1A2431BF3E001A8E9E /* Products */;
			projectDirPath = "";
			projectRoot = "";
			targets = (
				EBC9DF182431BF3D001A8E9E /* 14_ QuoraDots */,
			);
		};
/* End PBXProject section */

/* Begin PBXResourcesBuildPhase section */
		EBC9DF172431BF3D001A8E9E /* Resources */ = {
			isa = PBXResourcesBuildPhase;
			buildActionMask = 2147483647;
			files = (
				EBC9DF292431BF41001A8E9E /* LaunchScreen.storyboard in Resources */,
				EBC9DF262431BF41001A8E9E /* Assets.xcassets in Resources */,
				EBC9DF242431BF3E001A8E9E /* Main.storyboard in Resources */,
			);
			runOnlyForDeploymentPostprocessing = 0;
		};
/* End PBXResourcesBuildPhase section */

/* Begin PBXSourcesBuildPhase section */
		EBC9DF152431BF3D001A8E9E /* Sources */ = {
			isa = PBXSourcesBuildPhase;
			buildActionMask = 2147483647;
			files = (
				EBC9DF212431BF3E001A8E9E /* ViewController.swift in Sources */,
				EBC9DF1D2431BF3E001A8E9E /* AppDelegate.swift in Sources */,
				EBC9DF1F2431BF3E001A8E9E /* SceneDelegate.swift in Sources */,
			);
			runOnlyForDeploymentPostprocessing = 0;
		};
/* End PBXSourcesBuildPhase section */

/* Begin PBXVariantGroup section */
		EBC9DF222431BF3E001A8E9E /* Main.storyboard */ = {
			isa = PBXVariantGroup;
			children = (
				EBC9DF232431BF3E001A8E9E /* Base */,
			);
			name = Main.storyboard;
			sourceTree = "<group>";
		};
		EBC9DF272431BF41001A8E9E /* LaunchScreen.storyboard */ = {
			isa = PBXVariantGroup;
			children = (
				EBC9DF282431BF41001A8E9E /* Base */,
			);
			name = LaunchScreen.storyboard;
			sourceTree = "<group>";
		};
/* End PBXVariantGroup section */

/* Begin XCBuildConfiguration section */
		EBC9DF2B2431BF41001A8E9E /* Debug */ = {
			isa = XCBuildConfiguration;
			buildSettings = {
				ALWAYS_SEARCH_USER_PATHS = NO;
				CLANG_ANALYZER_NONNULL = YES;
				CLANG_ANALYZER_NUMBER_OBJECT_CONVERSION = YES_AGGRESSIVE;
				CLANG_CXX_LANGUAGE_STANDARD = "gnu++14";
				CLANG_CXX_LIBRARY = "libc++";
				CLANG_ENABLE_MODULES = YES;
				CLANG_ENABLE_OBJC_ARC = YES;
				CLANG_ENABLE_OBJC_WEAK = YES;
				CLANG_WARN_BLOCK_CAPTURE_AUTORELEASING = YES;
				CLANG_WARN_BOOL_CONVERSION = YES;
				CLANG_WARN_COMMA = YES;
				CLANG_WARN_CONSTANT_CONVERSION = YES;
				CLANG_WARN_DEPRECATED_OBJC_IMPLEMENTATIONS = YES;
				CLANG_WARN_DIRECT_OBJC_ISA_USAGE = YES_ERROR;
				CLANG_WARN_DOCUMENTATION_COMMENTS = YES;
				CLANG_WARN_EMPTY_BODY = YES;
				CLANG_WARN_ENUM_CONVERSION = YES;
				CLANG_WARN_INFINITE_RECURSION = YES;
				CLANG_WARN_INT_CONVERSION = YES;
				CLANG_WARN_NON_LITERAL_NULL_CONVERSION = YES;
				CLANG_WARN_OBJC_IMPLICIT_RETAIN_SELF = YES;
				CLANG_WARN_OBJC_LITERAL_CONVERSION = YES;
				CLANG_WARN_OBJC_ROOT_CLASS = YES_ERROR;
				CLANG_WARN_RANGE_LOOP_ANALYSIS = YES;
				CLANG_WARN_STRICT_PROTOTYPES = YES;
				CLANG_WARN_SUSPICIOUS_MOVE = YES;
				CLANG_WARN_UNGUARDED_AVAILABILITY = YES_AGGRESSIVE;
				CLANG_WARN_UNREACHABLE_CODE = YES;
				CLANG_WARN__DUPLICATE_METHOD_MATCH = YES;
				COPY_PHASE_STRIP = NO;
				DEBUG_INFORMATION_FORMAT = dwarf;
				ENABLE_STRICT_OBJC_MSGSEND = YES;
				ENABLE_TESTABILITY = YES;
				GCC_C_LANGUAGE_STANDARD = gnu11;
				GCC_DYNAMIC_NO_PIC = NO;
				GCC_NO_COMMON_BLOCKS = YES;
				GCC_OPTIMIZATION_LEVEL = 0;
				GCC_PREPROCESSOR_DEFINITIONS = (
					"DEBUG=1",
					"$(inherited)",
				);
				GCC_WARN_64_TO_32_BIT_CONVERSION = YES;
				GCC_WARN_ABOUT_RETURN_TYPE = YES_ERROR;
				GCC_WARN_UNDECLARED_SELECTOR = YES;
				GCC_WARN_UNINITIALIZED_AUTOS = YES_AGGRESSIVE;
				GCC_WARN_UNUSED_FUNCTION = YES;
				GCC_WARN_UNUSED_VARIABLE = YES;
				IPHONEOS_DEPLOYMENT_TARGET = 13.4;
				MTL_ENABLE_DEBUG_INFO = INCLUDE_SOURCE;
				MTL_FAST_MATH = YES;
				ONLY_ACTIVE_ARCH = YES;
				SDKROOT = iphoneos;
				SWIFT_ACTIVE_COMPILATION_CONDITIONS = DEBUG;
				SWIFT_OPTIMIZATION_LEVEL = "-Onone";
			};
			name = Debug;
		};
		EBC9DF2C2431BF41001A8E9E /* Release */ = {
			isa = XCBuildConfiguration;
			buildSettings = {
				ALWAYS_SEARCH_USER_PATHS = NO;
				CLANG_ANALYZER_NONNULL = YES;
				CLANG_ANALYZER_NUMBER_OBJECT_CONVERSION = YES_AGGRESSIVE;
				CLANG_CXX_LANGUAGE_STANDARD = "gnu++14";
				CLANG_CXX_LIBRARY = "libc++";
				CLANG_ENABLE_MODULES = YES;
				CLANG_ENABLE_OBJC_ARC = YES;
				CLANG_ENABLE_OBJC_WEAK = YES;
				CLANG_WARN_BLOCK_CAPTURE_AUTORELEASING = YES;
				CLANG_WARN_BOOL_CONVERSION = YES;
				CLANG_WARN_COMMA = YES;
				CLANG_WARN_CONSTANT_CONVERSION = YES;
				CLANG_WARN_DEPRECATED_OBJC_IMPLEMENTATIONS = YES;
				CLANG_WARN_DIRECT_OBJC_ISA_USAGE = YES_ERROR;
				CLANG_WARN_DOCUMENTATION_COMMENTS = YES;
				CLANG_WARN_EMPTY_BODY = YES;
				CLANG_WARN_ENUM_CONVERSION = YES;
				CLANG_WARN_INFINITE_RECURSION = YES;
				CLANG_WARN_INT_CONVERSION = YES;
				CLANG_WARN_NON_LITERAL_NULL_CONVERSION = YES;
				CLANG_WARN_OBJC_IMPLICIT_RETAIN_SELF = YES;
				CLANG_WARN_OBJC_LITERAL_CONVERSION = YES;
				CLANG_WARN_OBJC_ROOT_CLASS = YES_ERROR;
				CLANG_WARN_RANGE_LOOP_ANALYSIS = YES;
				CLANG_WARN_STRICT_PROTOTYPES = YES;
				CLANG_WARN_SUSPICIOUS_MOVE = YES;
				CLANG_WARN_UNGUARDED_AVAILABILITY = YES_AGGRESSIVE;
				CLANG_WARN_UNREACHABLE_CODE = YES;
				CLANG_WARN__DUPLICATE_METHOD_MATCH = YES;
				COPY_PHASE_STRIP = NO;
				DEBUG_INFORMATION_FORMAT = "dwarf-with-dsym";
				ENABLE_NS_ASSERTIONS = NO;
				ENABLE_STRICT_OBJC_MSGSEND = YES;
				GCC_C_LANGUAGE_STANDARD = gnu11;
				GCC_NO_COMMON_BLOCKS = YES;
				GCC_WARN_64_TO_32_BIT_CONVERSION = YES;
				GCC_WARN_ABOUT_RETURN_TYPE = YES_ERROR;
				GCC_WARN_UNDECLARED_SELECTOR = YES;
				GCC_WARN_UNINITIALIZED_AUTOS = YES_AGGRESSIVE;
				GCC_WARN_UNUSED_FUNCTION = YES;
				GCC_WARN_UNUSED_VARIABLE = YES;
				IPHONEOS_DEPLOYMENT_TARGET = 13.4;
				MTL_ENABLE_DEBUG_INFO = NO;
				MTL_FAST_MATH = YES;
				SDKROOT = iphoneos;
				SWIFT_COMPILATION_MODE = wholemodule;
				SWIFT_OPTIMIZATION_LEVEL = "-O";
				VALIDATE_PRODUCT = YES;
			};
			name = Release;
		};
		EBC9DF2E2431BF41001A8E9E /* Debug */ = {
			isa = XCBuildConfiguration;
			buildSettings = {
				ASSETCATALOG_COMPILER_APPICON_NAME = AppIcon;
				CODE_SIGN_STYLE = Automatic;
				INFOPLIST_FILE = "14_ QuoraDots/Info.plist";
				LD_RUNPATH_SEARCH_PATHS = (
					"$(inherited)",
					"@executable_path/Frameworks",
				);
				PRODUCT_BUNDLE_IDENTIFIER = "com.develop.-4--QuoraDots";
				PRODUCT_NAME = "$(TARGET_NAME)";
				SWIFT_VERSION = 5.0;
				TARGETED_DEVICE_FAMILY = "1,2";
			};
			name = Debug;
		};
		EBC9DF2F2431BF41001A8E9E /* Release */ = {
			isa = XCBuildConfiguration;
			buildSettings = {
				ASSETCATALOG_COMPILER_APPICON_NAME = AppIcon;
				CODE_SIGN_STYLE = Automatic;
				INFOPLIST_FILE = "14_ QuoraDots/Info.plist";
				LD_RUNPATH_SEARCH_PATHS = (
					"$(inherited)",
					"@executable_path/Frameworks",
				);
				PRODUCT_BUNDLE_IDENTIFIER = "com.develop.-4--QuoraDots";
				PRODUCT_NAME = "$(TARGET_NAME)";
				SWIFT_VERSION = 5.0;
				TARGETED_DEVICE_FAMILY = "1,2";
			};
			name = Release;
		};
/* End XCBuildConfiguration section */

/* Begin XCConfigurationList section */
		EBC9DF142431BF3D001A8E9E /* Build configuration list for PBXProject "14_ QuoraDots" */ = {
			isa = XCConfigurationList;
			buildConfigurations = (
				EBC9DF2B2431BF41001A8E9E /* Debug */,
				EBC9DF2C2431BF41001A8E9E /* Release */,
			);
			defaultConfigurationIsVisible = 0;
			defaultConfigurationName = Release;
		};
		EBC9DF2D2431BF41001A8E9E /* Build configuration list for PBXNativeTarget "14_ QuoraDots" */ = {
			isa = XCConfigurationList;
			buildConfigurations = (
				EBC9DF2E2431BF41001A8E9E /* Debug */,
				EBC9DF2F2431BF41001A8E9E /* Release */,
			);
			defaultConfigurationIsVisible = 0;
			defaultConfigurationName = Release;
		};
/* End XCConfigurationList section */
	};
	rootObject = EBC9DF112431BF3D001A8E9E /* Project object */;
}
