// !$*UTF8*$!
{
	archiveVersion = 1;
	classes = {
	};
	objectVersion = 50;
	objects = {

/* Begin PBXBuildFile section */
		BC98F69E0194862DE27859CA /* Pods_2_stopWatch.framework in Frameworks */ = {isa = PBXBuildFile; fileRef = 5DE450E6F516E73A56A22CA9 /* Pods_2_stopWatch.framework */; };
		EBC33C9C241130B30094A61C /* AppDelegate.swift in Sources */ = {isa = PBXBuildFile; fileRef = EBC33C9B241130B30094A61C /* AppDelegate.swift */; };
		EBC33C9E241130B30094A61C /* SceneDelegate.swift in Sources */ = {isa = PBXBuildFile; fileRef = EBC33C9D241130B30094A61C /* SceneDelegate.swift */; };
		EBC33CA0241130B30094A61C /* ViewController.swift in Sources */ = {isa = PBXBuildFile; fileRef = EBC33C9F241130B30094A61C /* ViewController.swift */; };
		EBC33CA3241130B30094A61C /* Main.storyboard in Resources */ = {isa = PBXBuildFile; fileRef = EBC33CA1241130B30094A61C /* Main.storyboard */; };
		EBC33CA5241130B50094A61C /* Assets.xcassets in Resources */ = {isa = PBXBuildFile; fileRef = EBC33CA4241130B50094A61C /* Assets.xcassets */; };
		EBC33CA8241130B50094A61C /* LaunchScreen.storyboard in Resources */ = {isa = PBXBuildFile; fileRef = EBC33CA6241130B50094A61C /* LaunchScreen.storyboard */; };
		EBC33CB024121C100094A61C /* structTime.swift in Sources */ = {isa = PBXBuildFile; fileRef = EBC33CAF24121C100094A61C /* structTime.swift */; };
/* End PBXBuildFile section */

/* Begin PBXFileReference section */
		173C56E9BD025E97C5460830 /* Pods-2_stopWatch.release.xcconfig */ = {isa = PBXFileReference; includeInIndex = 1; lastKnownFileType = text.xcconfig; name = "Pods-2_stopWatch.release.xcconfig"; path = "Target Support Files/Pods-2_stopWatch/Pods-2_stopWatch.release.xcconfig"; sourceTree = "<group>"; };
		5DE450E6F516E73A56A22CA9 /* Pods_2_stopWatch.framework */ = {isa = PBXFileReference; explicitFileType = wrapper.framework; includeInIndex = 0; path = Pods_2_stopWatch.framework; sourceTree = BUILT_PRODUCTS_DIR; };
		713F3C3BBE0B563285074128 /* Pods-2_stopWatch.debug.xcconfig */ = {isa = PBXFileReference; includeInIndex = 1; lastKnownFileType = text.xcconfig; name = "Pods-2_stopWatch.debug.xcconfig"; path = "Target Support Files/Pods-2_stopWatch/Pods-2_stopWatch.debug.xcconfig"; sourceTree = "<group>"; };
		EBC33C98241130B30094A61C /* 2_stopWatch.app */ = {isa = PBXFileReference; explicitFileType = wrapper.application; includeInIndex = 0; path = 2_stopWatch.app; sourceTree = BUILT_PRODUCTS_DIR; };
		EBC33C9B241130B30094A61C /* AppDelegate.swift */ = {isa = PBXFileReference; lastKnownFileType = sourcecode.swift; path = AppDelegate.swift; sourceTree = "<group>"; };
		EBC33C9D241130B30094A61C /* SceneDelegate.swift */ = {isa = PBXFileReference; lastKnownFileType = sourcecode.swift; path = SceneDelegate.swift; sourceTree = "<group>"; };
		EBC33C9F241130B30094A61C /* ViewController.swift */ = {isa = PBXFileReference; lastKnownFileType = sourcecode.swift; path = ViewController.swift; sourceTree = "<group>"; };
		EBC33CA2241130B30094A61C /* Base */ = {isa = PBXFileReference; lastKnownFileType = file.storyboard; name = Base; path = Base.lproj/Main.storyboard; sourceTree = "<group>"; };
		EBC33CA4241130B50094A61C /* Assets.xcassets */ = {isa = PBXFileReference; lastKnownFileType = folder.assetcatalog; path = Assets.xcassets; sourceTree = "<group>"; };
		EBC33CA7241130B50094A61C /* Base */ = {isa = PBXFileReference; lastKnownFileType = file.storyboard; name = Base; path = Base.lproj/LaunchScreen.storyboard; sourceTree = "<group>"; };
		EBC33CA9241130B50094A61C /* Info.plist */ = {isa = PBXFileReference; lastKnownFileType = text.plist.xml; path = Info.plist; sourceTree = "<group>"; };
		EBC33CAF24121C100094A61C /* structTime.swift */ = {isa = PBXFileReference; lastKnownFileType = sourcecode.swift; path = structTime.swift; sourceTree = "<group>"; };
/* End PBXFileReference section */

/* Begin PBXFrameworksBuildPhase section */
		EBC33C95241130B30094A61C /* Frameworks */ = {
			isa = PBXFrameworksBuildPhase;
			buildActionMask = 2147483647;
			files = (
				BC98F69E0194862DE27859CA /* Pods_2_stopWatch.framework in Frameworks */,
			);
			runOnlyForDeploymentPostprocessing = 0;
		};
/* End PBXFrameworksBuildPhase section */

/* Begin PBXGroup section */
		04AFF2EB9C8D403A024C5D5F /* Pods */ = {
			isa = PBXGroup;
			children = (
				713F3C3BBE0B563285074128 /* Pods-2_stopWatch.debug.xcconfig */,
				173C56E9BD025E97C5460830 /* Pods-2_stopWatch.release.xcconfig */,
			);
			path = Pods;
			sourceTree = "<group>";
		};
		576001B5C14858EEE3D48319 /* Frameworks */ = {
			isa = PBXGroup;
			children = (
				5DE450E6F516E73A56A22CA9 /* Pods_2_stopWatch.framework */,
			);
			name = Frameworks;
			sourceTree = "<group>";
		};
		EBC33C8F241130B30094A61C = {
			isa = PBXGroup;
			children = (
				EBC33C9A241130B30094A61C /* 2_stopWatch */,
				EBC33C99241130B30094A61C /* Products */,
				04AFF2EB9C8D403A024C5D5F /* Pods */,
				576001B5C14858EEE3D48319 /* Frameworks */,
			);
			sourceTree = "<group>";
		};
		EBC33C99241130B30094A61C /* Products */ = {
			isa = PBXGroup;
			children = (
				EBC33C98241130B30094A61C /* 2_stopWatch.app */,
			);
			name = Products;
			sourceTree = "<group>";
		};
		EBC33C9A241130B30094A61C /* 2_stopWatch */ = {
			isa = PBXGroup;
			children = (
				EBC33C9B241130B30094A61C /* AppDelegate.swift */,
				EBC33C9D241130B30094A61C /* SceneDelegate.swift */,
				EBC33CAF24121C100094A61C /* structTime.swift */,
				EBC33C9F241130B30094A61C /* ViewController.swift */,
				EBC33CA1241130B30094A61C /* Main.storyboard */,
				EBC33CA4241130B50094A61C /* Assets.xcassets */,
				EBC33CA6241130B50094A61C /* LaunchScreen.storyboard */,
				EBC33CA9241130B50094A61C /* Info.plist */,
			);
			path = 2_stopWatch;
			sourceTree = "<group>";
		};
/* End PBXGroup section */

/* Begin PBXNativeTarget section */
		EBC33C97241130B30094A61C /* 2_stopWatch */ = {
			isa = PBXNativeTarget;
			buildConfigurationList = EBC33CAC241130B50094A61C /* Build configuration list for PBXNativeTarget "2_stopWatch" */;
			buildPhases = (
				3C9156B46BA565FC60370455 /* [CP] Check Pods Manifest.lock */,
				EBC33C94241130B30094A61C /* Sources */,
				EBC33C95241130B30094A61C /* Frameworks */,
				EBC33C96241130B30094A61C /* Resources */,
				EBC33CB12412206D0094A61C /* ShellScript */,
			);
			buildRules = (
			);
			dependencies = (
			);
			name = 2_stopWatch;
			productName = 2_stopWatch;
			productReference = EBC33C98241130B30094A61C /* 2_stopWatch.app */;
			productType = "com.apple.product-type.application";
		};
/* End PBXNativeTarget section */

/* Begin PBXProject section */
		EBC33C90241130B30094A61C /* Project object */ = {
			isa = PBXProject;
			attributes = {
				LastSwiftUpdateCheck = 1130;
				LastUpgradeCheck = 1130;
				ORGANIZATIONNAME = "이가영";
				TargetAttributes = {
					EBC33C97241130B30094A61C = {
						CreatedOnToolsVersion = 11.3.1;
					};
				};
			};
			buildConfigurationList = EBC33C93241130B30094A61C /* Build configuration list for PBXProject "2_stopWatch" */;
			compatibilityVersion = "Xcode 9.3";
			developmentRegion = en;
			hasScannedForEncodings = 0;
			knownRegions = (
				en,
				Base,
			);
			mainGroup = EBC33C8F241130B30094A61C;
			productRefGroup = EBC33C99241130B30094A61C /* Products */;
			projectDirPath = "";
			projectRoot = "";
			targets = (
				EBC33C97241130B30094A61C /* 2_stopWatch */,
			);
		};
/* End PBXProject section */

/* Begin PBXResourcesBuildPhase section */
		EBC33C96241130B30094A61C /* Resources */ = {
			isa = PBXResourcesBuildPhase;
			buildActionMask = 2147483647;
			files = (
				EBC33CA8241130B50094A61C /* LaunchScreen.storyboard in Resources */,
				EBC33CA5241130B50094A61C /* Assets.xcassets in Resources */,
				EBC33CA3241130B30094A61C /* Main.storyboard in Resources */,
			);
			runOnlyForDeploymentPostprocessing = 0;
		};
/* End PBXResourcesBuildPhase section */

/* Begin PBXShellScriptBuildPhase section */
		3C9156B46BA565FC60370455 /* [CP] Check Pods Manifest.lock */ = {
			isa = PBXShellScriptBuildPhase;
			buildActionMask = 2147483647;
			files = (
			);
			inputFileListPaths = (
			);
			inputPaths = (
				"${PODS_PODFILE_DIR_PATH}/Podfile.lock",
				"${PODS_ROOT}/Manifest.lock",
			);
			name = "[CP] Check Pods Manifest.lock";
			outputFileListPaths = (
			);
			outputPaths = (
				"$(DERIVED_FILE_DIR)/Pods-2_stopWatch-checkManifestLockResult.txt",
			);
			runOnlyForDeploymentPostprocessing = 0;
			shellPath = /bin/sh;
			shellScript = "diff \"${PODS_PODFILE_DIR_PATH}/Podfile.lock\" \"${PODS_ROOT}/Manifest.lock\" > /dev/null\nif [ $? != 0 ] ; then\n    # print error to STDERR\n    echo \"error: The sandbox is not in sync with the Podfile.lock. Run 'pod install' or update your CocoaPods installation.\" >&2\n    exit 1\nfi\n# This output is used by Xcode 'outputs' to avoid re-running this script phase.\necho \"SUCCESS\" > \"${SCRIPT_OUTPUT_FILE_0}\"\n";
			showEnvVarsInLog = 0;
		};
		EBC33CB12412206D0094A61C /* ShellScript */ = {
			isa = PBXShellScriptBuildPhase;
			buildActionMask = 2147483647;
			files = (
			);
			inputFileListPaths = (
			);
			inputPaths = (
			);
			outputFileListPaths = (
			);
			outputPaths = (
			);
			runOnlyForDeploymentPostprocessing = 0;
			shellPath = /bin/sh;
			shellScript = "${PODS_ROOT}/SwiftLint/swiftlint autocorrect\n";
		};
/* End PBXShellScriptBuildPhase section */

/* Begin PBXSourcesBuildPhase section */
		EBC33C94241130B30094A61C /* Sources */ = {
			isa = PBXSourcesBuildPhase;
			buildActionMask = 2147483647;
			files = (
				EBC33CA0241130B30094A61C /* ViewController.swift in Sources */,
				EBC33C9C241130B30094A61C /* AppDelegate.swift in Sources */,
				EBC33C9E241130B30094A61C /* SceneDelegate.swift in Sources */,
				EBC33CB024121C100094A61C /* structTime.swift in Sources */,
			);
			runOnlyForDeploymentPostprocessing = 0;
		};
/* End PBXSourcesBuildPhase section */

/* Begin PBXVariantGroup section */
		EBC33CA1241130B30094A61C /* Main.storyboard */ = {
			isa = PBXVariantGroup;
			children = (
				EBC33CA2241130B30094A61C /* Base */,
			);
			name = Main.storyboard;
			sourceTree = "<group>";
		};
		EBC33CA6241130B50094A61C /* LaunchScreen.storyboard */ = {
			isa = PBXVariantGroup;
			children = (
				EBC33CA7241130B50094A61C /* Base */,
			);
			name = LaunchScreen.storyboard;
			sourceTree = "<group>";
		};
/* End PBXVariantGroup section */

/* Begin XCBuildConfiguration section */
		EBC33CAA241130B50094A61C /* Debug */ = {
			isa = XCBuildConfiguration;
			buildSettings = {
				ALWAYS_SEARCH_USER_PATHS = NO;
				CLANG_ANALYZER_NONNULL = YES;
				CLANG_ANALYZER_NUMBER_OBJECT_CONVERSION = YES_AGGRESSIVE;
				CLANG_CXX_LANGUAGE_STANDARD = "gnu++14";
				CLANG_CXX_LIBRARY = "libc++";
				CLANG_ENABLE_MODULES = YES;
				CLANG_ENABLE_OBJC_ARC = YES;
				CLANG_ENABLE_OBJC_WEAK = YES;
				CLANG_WARN_BLOCK_CAPTURE_AUTORELEASING = YES;
				CLANG_WARN_BOOL_CONVERSION = YES;
				CLANG_WARN_COMMA = YES;
				CLANG_WARN_CONSTANT_CONVERSION = YES;
				CLANG_WARN_DEPRECATED_OBJC_IMPLEMENTATIONS = YES;
				CLANG_WARN_DIRECT_OBJC_ISA_USAGE = YES_ERROR;
				CLANG_WARN_DOCUMENTATION_COMMENTS = YES;
				CLANG_WARN_EMPTY_BODY = YES;
				CLANG_WARN_ENUM_CONVERSION = YES;
				CLANG_WARN_INFINITE_RECURSION = YES;
				CLANG_WARN_INT_CONVERSION = YES;
				CLANG_WARN_NON_LITERAL_NULL_CONVERSION = YES;
				CLANG_WARN_OBJC_IMPLICIT_RETAIN_SELF = YES;
				CLANG_WARN_OBJC_LITERAL_CONVERSION = YES;
				CLANG_WARN_OBJC_ROOT_CLASS = YES_ERROR;
				CLANG_WARN_RANGE_LOOP_ANALYSIS = YES;
				CLANG_WARN_STRICT_PROTOTYPES = YES;
				CLANG_WARN_SUSPICIOUS_MOVE = YES;
				CLANG_WARN_UNGUARDED_AVAILABILITY = YES_AGGRESSIVE;
				CLANG_WARN_UNREACHABLE_CODE = YES;
				CLANG_WARN__DUPLICATE_METHOD_MATCH = YES;
				COPY_PHASE_STRIP = NO;
				DEBUG_INFORMATION_FORMAT = dwarf;
				ENABLE_STRICT_OBJC_MSGSEND = YES;
				ENABLE_TESTABILITY = YES;
				GCC_C_LANGUAGE_STANDARD = gnu11;
				GCC_DYNAMIC_NO_PIC = NO;
				GCC_NO_COMMON_BLOCKS = YES;
				GCC_OPTIMIZATION_LEVEL = 0;
				GCC_PREPROCESSOR_DEFINITIONS = (
					"DEBUG=1",
					"$(inherited)",
				);
				GCC_WARN_64_TO_32_BIT_CONVERSION = YES;
				GCC_WARN_ABOUT_RETURN_TYPE = YES_ERROR;
				GCC_WARN_UNDECLARED_SELECTOR = YES;
				GCC_WARN_UNINITIALIZED_AUTOS = YES_AGGRESSIVE;
				GCC_WARN_UNUSED_FUNCTION = YES;
				GCC_WARN_UNUSED_VARIABLE = YES;
				IPHONEOS_DEPLOYMENT_TARGET = 13.2;
				MTL_ENABLE_DEBUG_INFO = INCLUDE_SOURCE;
				MTL_FAST_MATH = YES;
				ONLY_ACTIVE_ARCH = YES;
				SDKROOT = iphoneos;
				SWIFT_ACTIVE_COMPILATION_CONDITIONS = DEBUG;
				SWIFT_OPTIMIZATION_LEVEL = "-Onone";
			};
			name = Debug;
		};
		EBC33CAB241130B50094A61C /* Release */ = {
			isa = XCBuildConfiguration;
			buildSettings = {
				ALWAYS_SEARCH_USER_PATHS = NO;
				CLANG_ANALYZER_NONNULL = YES;
				CLANG_ANALYZER_NUMBER_OBJECT_CONVERSION = YES_AGGRESSIVE;
				CLANG_CXX_LANGUAGE_STANDARD = "gnu++14";
				CLANG_CXX_LIBRARY = "libc++";
				CLANG_ENABLE_MODULES = YES;
				CLANG_ENABLE_OBJC_ARC = YES;
				CLANG_ENABLE_OBJC_WEAK = YES;
				CLANG_WARN_BLOCK_CAPTURE_AUTORELEASING = YES;
				CLANG_WARN_BOOL_CONVERSION = YES;
				CLANG_WARN_COMMA = YES;
				CLANG_WARN_CONSTANT_CONVERSION = YES;
				CLANG_WARN_DEPRECATED_OBJC_IMPLEMENTATIONS = YES;
				CLANG_WARN_DIRECT_OBJC_ISA_USAGE = YES_ERROR;
				CLANG_WARN_DOCUMENTATION_COMMENTS = YES;
				CLANG_WARN_EMPTY_BODY = YES;
				CLANG_WARN_ENUM_CONVERSION = YES;
				CLANG_WARN_INFINITE_RECURSION = YES;
				CLANG_WARN_INT_CONVERSION = YES;
				CLANG_WARN_NON_LITERAL_NULL_CONVERSION = YES;
				CLANG_WARN_OBJC_IMPLICIT_RETAIN_SELF = YES;
				CLANG_WARN_OBJC_LITERAL_CONVERSION = YES;
				CLANG_WARN_OBJC_ROOT_CLASS = YES_ERROR;
				CLANG_WARN_RANGE_LOOP_ANALYSIS = YES;
				CLANG_WARN_STRICT_PROTOTYPES = YES;
				CLANG_WARN_SUSPICIOUS_MOVE = YES;
				CLANG_WARN_UNGUARDED_AVAILABILITY = YES_AGGRESSIVE;
				CLANG_WARN_UNREACHABLE_CODE = YES;
				CLANG_WARN__DUPLICATE_METHOD_MATCH = YES;
				COPY_PHASE_STRIP = NO;
				DEBUG_INFORMATION_FORMAT = "dwarf-with-dsym";
				ENABLE_NS_ASSERTIONS = NO;
				ENABLE_STRICT_OBJC_MSGSEND = YES;
				GCC_C_LANGUAGE_STANDARD = gnu11;
				GCC_NO_COMMON_BLOCKS = YES;
				GCC_WARN_64_TO_32_BIT_CONVERSION = YES;
				GCC_WARN_ABOUT_RETURN_TYPE = YES_ERROR;
				GCC_WARN_UNDECLARED_SELECTOR = YES;
				GCC_WARN_UNINITIALIZED_AUTOS = YES_AGGRESSIVE;
				GCC_WARN_UNUSED_FUNCTION = YES;
				GCC_WARN_UNUSED_VARIABLE = YES;
				IPHONEOS_DEPLOYMENT_TARGET = 13.2;
				MTL_ENABLE_DEBUG_INFO = NO;
				MTL_FAST_MATH = YES;
				SDKROOT = iphoneos;
				SWIFT_COMPILATION_MODE = wholemodule;
				SWIFT_OPTIMIZATION_LEVEL = "-O";
				VALIDATE_PRODUCT = YES;
			};
			name = Release;
		};
		EBC33CAD241130B50094A61C /* Debug */ = {
			isa = XCBuildConfiguration;
			baseConfigurationReference = 713F3C3BBE0B563285074128 /* Pods-2_stopWatch.debug.xcconfig */;
			buildSettings = {
				ASSETCATALOG_COMPILER_APPICON_NAME = AppIcon;
				CODE_SIGN_STYLE = Automatic;
				INFOPLIST_FILE = 2_stopWatch/Info.plist;
				LD_RUNPATH_SEARCH_PATHS = (
					"$(inherited)",
					"@executable_path/Frameworks",
				);
				PRODUCT_BUNDLE_IDENTIFIER = "com.develop.--stopWatch";
				PRODUCT_NAME = "$(TARGET_NAME)";
				SWIFT_VERSION = 5.0;
				TARGETED_DEVICE_FAMILY = "1,2";
			};
			name = Debug;
		};
		EBC33CAE241130B50094A61C /* Release */ = {
			isa = XCBuildConfiguration;
			baseConfigurationReference = 173C56E9BD025E97C5460830 /* Pods-2_stopWatch.release.xcconfig */;
			buildSettings = {
				ASSETCATALOG_COMPILER_APPICON_NAME = AppIcon;
				CODE_SIGN_STYLE = Automatic;
				INFOPLIST_FILE = 2_stopWatch/Info.plist;
				LD_RUNPATH_SEARCH_PATHS = (
					"$(inherited)",
					"@executable_path/Frameworks",
				);
				PRODUCT_BUNDLE_IDENTIFIER = "com.develop.--stopWatch";
				PRODUCT_NAME = "$(TARGET_NAME)";
				SWIFT_VERSION = 5.0;
				TARGETED_DEVICE_FAMILY = "1,2";
			};
			name = Release;
		};
/* End XCBuildConfiguration section */

/* Begin XCConfigurationList section */
		EBC33C93241130B30094A61C /* Build configuration list for PBXProject "2_stopWatch" */ = {
			isa = XCConfigurationList;
			buildConfigurations = (
				EBC33CAA241130B50094A61C /* Debug */,
				EBC33CAB241130B50094A61C /* Release */,
			);
			defaultConfigurationIsVisible = 0;
			defaultConfigurationName = Release;
		};
		EBC33CAC241130B50094A61C /* Build configuration list for PBXNativeTarget "2_stopWatch" */ = {
			isa = XCConfigurationList;
			buildConfigurations = (
				EBC33CAD241130B50094A61C /* Debug */,
				EBC33CAE241130B50094A61C /* Release */,
			);
			defaultConfigurationIsVisible = 0;
			defaultConfigurationName = Release;
		};
/* End XCConfigurationList section */
	};
	rootObject = EBC33C90241130B30094A61C /* Project object */;
}
