// !$*UTF8*$!
{
	archiveVersion = 1;
	classes = {
	};
	objectVersion = 51;
	objects = {

/* Begin PBXBuildFile section */
		9017E5E1BC2370A350E0618A /* Pods_Login.framework in Frameworks */ = {isa = PBXBuildFile; fileRef = 77F16FA88E9452F420CD3D07 /* Pods_Login.framework */; };
		EB6B1314240B8D19001DD870 /* AppDelegate.swift in Sources */ = {isa = PBXBuildFile; fileRef = EB6B1313240B8D19001DD870 /* AppDelegate.swift */; };
		EB6B1316240B8D19001DD870 /* SceneDelegate.swift in Sources */ = {isa = PBXBuildFile; fileRef = EB6B1315240B8D19001DD870 /* SceneDelegate.swift */; };
		EB6B1318240B8D19001DD870 /* ViewController.swift in Sources */ = {isa = PBXBuildFile; fileRef = EB6B1317240B8D19001DD870 /* ViewController.swift */; };
		EB6B131B240B8D19001DD870 /* Main.storyboard in Resources */ = {isa = PBXBuildFile; fileRef = EB6B1319240B8D19001DD870 /* Main.storyboard */; };
		EB6B1320240B8D1A001DD870 /* LaunchScreen.storyboard in Resources */ = {isa = PBXBuildFile; fileRef = EB6B131E240B8D1A001DD870 /* LaunchScreen.storyboard */; };
		EBF75314240B927000F8E9AE /* Struct.swift in Sources */ = {isa = PBXBuildFile; fileRef = EBF75313240B927000F8E9AE /* Struct.swift */; };
		EBF75316240B936600F8E9AE /* SignUpViewController.swift in Sources */ = {isa = PBXBuildFile; fileRef = EBF75315240B936600F8E9AE /* SignUpViewController.swift */; };
		EBF75318240B937000F8E9AE /* LoginViewController.swift in Sources */ = {isa = PBXBuildFile; fileRef = EBF75317240B937000F8E9AE /* LoginViewController.swift */; };
/* End PBXBuildFile section */

/* Begin PBXFileReference section */
		17567B2A9EDD06257746EC3B /* Pods-Login.release.xcconfig */ = {isa = PBXFileReference; includeInIndex = 1; lastKnownFileType = text.xcconfig; name = "Pods-Login.release.xcconfig"; path = "Target Support Files/Pods-Login/Pods-Login.release.xcconfig"; sourceTree = "<group>"; };
		77F16FA88E9452F420CD3D07 /* Pods_Login.framework */ = {isa = PBXFileReference; explicitFileType = wrapper.framework; includeInIndex = 0; path = Pods_Login.framework; sourceTree = BUILT_PRODUCTS_DIR; };
		BE45CB46AC630F7C1A2286D1 /* Pods-Login.debug.xcconfig */ = {isa = PBXFileReference; includeInIndex = 1; lastKnownFileType = text.xcconfig; name = "Pods-Login.debug.xcconfig"; path = "Target Support Files/Pods-Login/Pods-Login.debug.xcconfig"; sourceTree = "<group>"; };
		EB1D1888240C0D7E00899A4D /* GoogleService-Info.plist */ = {isa = PBXFileReference; lastKnownFileType = text.plist.xml; path = "GoogleService-Info.plist"; sourceTree = "<group>"; };
		EB6B1310240B8D19001DD870 /* Login.app */ = {isa = PBXFileReference; explicitFileType = wrapper.application; includeInIndex = 0; path = Login.app; sourceTree = BUILT_PRODUCTS_DIR; };
		EB6B1313240B8D19001DD870 /* AppDelegate.swift */ = {isa = PBXFileReference; lastKnownFileType = sourcecode.swift; path = AppDelegate.swift; sourceTree = "<group>"; };
		EB6B1315240B8D19001DD870 /* SceneDelegate.swift */ = {isa = PBXFileReference; lastKnownFileType = sourcecode.swift; path = SceneDelegate.swift; sourceTree = "<group>"; };
		EB6B1317240B8D19001DD870 /* ViewController.swift */ = {isa = PBXFileReference; lastKnownFileType = sourcecode.swift; path = ViewController.swift; sourceTree = "<group>"; };
		EB6B131A240B8D19001DD870 /* Base */ = {isa = PBXFileReference; lastKnownFileType = file.storyboard; name = Base; path = Base.lproj/Main.storyboard; sourceTree = "<group>"; };
		EB6B131C240B8D1A001DD870 /* Assets.xcassets */ = {isa = PBXFileReference; lastKnownFileType = folder.assetcatalog; path = Assets.xcassets; sourceTree = "<group>"; };
		EB6B131F240B8D1A001DD870 /* Base */ = {isa = PBXFileReference; lastKnownFileType = file.storyboard; name = Base; path = Base.lproj/LaunchScreen.storyboard; sourceTree = "<group>"; };
		EB6B1321240B8D1A001DD870 /* Info.plist */ = {isa = PBXFileReference; lastKnownFileType = text.plist.xml; path = Info.plist; sourceTree = "<group>"; };
		EBF75313240B927000F8E9AE /* Struct.swift */ = {isa = PBXFileReference; lastKnownFileType = sourcecode.swift; path = Struct.swift; sourceTree = "<group>"; };
		EBF75315240B936600F8E9AE /* SignUpViewController.swift */ = {isa = PBXFileReference; lastKnownFileType = sourcecode.swift; path = SignUpViewController.swift; sourceTree = "<group>"; };
		EBF75317240B937000F8E9AE /* LoginViewController.swift */ = {isa = PBXFileReference; lastKnownFileType = sourcecode.swift; path = LoginViewController.swift; sourceTree = "<group>"; };
/* End PBXFileReference section */

/* Begin PBXFrameworksBuildPhase section */
		EB6B130D240B8D19001DD870 /* Frameworks */ = {
			isa = PBXFrameworksBuildPhase;
			buildActionMask = 2147483647;
			files = (
				9017E5E1BC2370A350E0618A /* Pods_Login.framework in Frameworks */,
			);
			runOnlyForDeploymentPostprocessing = 0;
		};
/* End PBXFrameworksBuildPhase section */

/* Begin PBXGroup section */
		1A233A335370C00393A11CB8 /* Pods */ = {
			isa = PBXGroup;
			children = (
				BE45CB46AC630F7C1A2286D1 /* Pods-Login.debug.xcconfig */,
				17567B2A9EDD06257746EC3B /* Pods-Login.release.xcconfig */,
			);
			path = Pods;
			sourceTree = "<group>";
		};
		5E9BDDFDE8C1D01AECC9B151 /* Frameworks */ = {
			isa = PBXGroup;
			children = (
				77F16FA88E9452F420CD3D07 /* Pods_Login.framework */,
			);
			name = Frameworks;
			sourceTree = "<group>";
		};
		EB6B1307240B8D19001DD870 = {
			isa = PBXGroup;
			children = (
				EB6B1312240B8D19001DD870 /* Login */,
				EB6B1311240B8D19001DD870 /* Products */,
				1A233A335370C00393A11CB8 /* Pods */,
				5E9BDDFDE8C1D01AECC9B151 /* Frameworks */,
			);
			sourceTree = "<group>";
		};
		EB6B1311240B8D19001DD870 /* Products */ = {
			isa = PBXGroup;
			children = (
				EB6B1310240B8D19001DD870 /* Login.app */,
			);
			name = Products;
			sourceTree = "<group>";
		};
		EB6B1312240B8D19001DD870 /* Login */ = {
			isa = PBXGroup;
			children = (
				EBF75320240BD29200F8E9AE /* Supporting File */,
				EB6B1315240B8D19001DD870 /* SceneDelegate.swift */,
				EBF75313240B927000F8E9AE /* Struct.swift */,
				EB6B1317240B8D19001DD870 /* ViewController.swift */,
				EBF75315240B936600F8E9AE /* SignUpViewController.swift */,
				EBF75317240B937000F8E9AE /* LoginViewController.swift */,
				EB6B1319240B8D19001DD870 /* Main.storyboard */,
				EB6B131C240B8D1A001DD870 /* Assets.xcassets */,
				EB6B1321240B8D1A001DD870 /* Info.plist */,
				EB1D1888240C0D7E00899A4D /* GoogleService-Info.plist */,
			);
			path = Login;
			sourceTree = "<group>";
		};
		EBF75320240BD29200F8E9AE /* Supporting File */ = {
			isa = PBXGroup;
			children = (
				EB6B131E240B8D1A001DD870 /* LaunchScreen.storyboard */,
				EB6B1313240B8D19001DD870 /* AppDelegate.swift */,
			);
			path = "Supporting File";
			sourceTree = "<group>";
		};
/* End PBXGroup section */

/* Begin PBXNativeTarget section */
		EB6B130F240B8D19001DD870 /* Login */ = {
			isa = PBXNativeTarget;
			buildConfigurationList = EB6B1324240B8D1A001DD870 /* Build configuration list for PBXNativeTarget "Login" */;
			buildPhases = (
				D87094DEA3DDD7E1D32BFCE0 /* [CP] Check Pods Manifest.lock */,
				EB6B130C240B8D19001DD870 /* Sources */,
				EB6B130D240B8D19001DD870 /* Frameworks */,
				EB6B130E240B8D19001DD870 /* Resources */,
				68D5C56F4593BECE72C6E0B1 /* [CP] Embed Pods Frameworks */,
			);
			buildRules = (
			);
			dependencies = (
			);
			name = Login;
			productName = Login;
			productReference = EB6B1310240B8D19001DD870 /* Login.app */;
			productType = "com.apple.product-type.application";
		};
/* End PBXNativeTarget section */

/* Begin PBXProject section */
		EB6B1308240B8D19001DD870 /* Project object */ = {
			isa = PBXProject;
			attributes = {
				LastSwiftUpdateCheck = 1130;
				LastUpgradeCheck = 1130;
				ORGANIZATIONNAME = "이가영";
				TargetAttributes = {
					EB6B130F240B8D19001DD870 = {
						CreatedOnToolsVersion = 11.3.1;
					};
				};
			};
			buildConfigurationList = EB6B130B240B8D19001DD870 /* Build configuration list for PBXProject "Login" */;
			compatibilityVersion = "Xcode 9.3";
			developmentRegion = en;
			hasScannedForEncodings = 0;
			knownRegions = (
				en,
				Base,
			);
			mainGroup = EB6B1307240B8D19001DD870;
			productRefGroup = EB6B1311240B8D19001DD870 /* Products */;
			projectDirPath = "";
			projectRoot = "";
			targets = (
				EB6B130F240B8D19001DD870 /* Login */,
			);
		};
/* End PBXProject section */

/* Begin PBXResourcesBuildPhase section */
		EB6B130E240B8D19001DD870 /* Resources */ = {
			isa = PBXResourcesBuildPhase;
			buildActionMask = 2147483647;
			files = (
				EB6B1320240B8D1A001DD870 /* LaunchScreen.storyboard in Resources */,
				EB6B131B240B8D19001DD870 /* Main.storyboard in Resources */,
			);
			runOnlyForDeploymentPostprocessing = 0;
		};
/* End PBXResourcesBuildPhase section */

/* Begin PBXShellScriptBuildPhase section */
		68D5C56F4593BECE72C6E0B1 /* [CP] Embed Pods Frameworks */ = {
			isa = PBXShellScriptBuildPhase;
			buildActionMask = 2147483647;
			files = (
			);
			inputFileListPaths = (
				"${PODS_ROOT}/Target Support Files/Pods-Login/Pods-Login-frameworks-${CONFIGURATION}-input-files.xcfilelist",
			);
			name = "[CP] Embed Pods Frameworks";
			outputFileListPaths = (
				"${PODS_ROOT}/Target Support Files/Pods-Login/Pods-Login-frameworks-${CONFIGURATION}-output-files.xcfilelist",
			);
			runOnlyForDeploymentPostprocessing = 0;
			shellPath = /bin/sh;
			shellScript = "\"${PODS_ROOT}/Target Support Files/Pods-Login/Pods-Login-frameworks.sh\"\n";
			showEnvVarsInLog = 0;
		};
		D87094DEA3DDD7E1D32BFCE0 /* [CP] Check Pods Manifest.lock */ = {
			isa = PBXShellScriptBuildPhase;
			buildActionMask = 2147483647;
			files = (
			);
			inputFileListPaths = (
			);
			inputPaths = (
				"${PODS_PODFILE_DIR_PATH}/Podfile.lock",
				"${PODS_ROOT}/Manifest.lock",
			);
			name = "[CP] Check Pods Manifest.lock";
			outputFileListPaths = (
			);
			outputPaths = (
				"$(DERIVED_FILE_DIR)/Pods-Login-checkManifestLockResult.txt",
			);
			runOnlyForDeploymentPostprocessing = 0;
			shellPath = /bin/sh;
			shellScript = "diff \"${PODS_PODFILE_DIR_PATH}/Podfile.lock\" \"${PODS_ROOT}/Manifest.lock\" > /dev/null\nif [ $? != 0 ] ; then\n    # print error to STDERR\n    echo \"error: The sandbox is not in sync with the Podfile.lock. Run 'pod install' or update your CocoaPods installation.\" >&2\n    exit 1\nfi\n# This output is used by Xcode 'outputs' to avoid re-running this script phase.\necho \"SUCCESS\" > \"${SCRIPT_OUTPUT_FILE_0}\"\n";
			showEnvVarsInLog = 0;
		};
/* End PBXShellScriptBuildPhase section */

/* Begin PBXSourcesBuildPhase section */
		EB6B130C240B8D19001DD870 /* Sources */ = {
			isa = PBXSourcesBuildPhase;
			buildActionMask = 2147483647;
			files = (
				EBF75318240B937000F8E9AE /* LoginViewController.swift in Sources */,
				EBF75314240B927000F8E9AE /* Struct.swift in Sources */,
				EB6B1318240B8D19001DD870 /* ViewController.swift in Sources */,
				EB6B1314240B8D19001DD870 /* AppDelegate.swift in Sources */,
				EB6B1316240B8D19001DD870 /* SceneDelegate.swift in Sources */,
				EBF75316240B936600F8E9AE /* SignUpViewController.swift in Sources */,
			);
			runOnlyForDeploymentPostprocessing = 0;
		};
/* End PBXSourcesBuildPhase section */

/* Begin PBXVariantGroup section */
		EB6B1319240B8D19001DD870 /* Main.storyboard */ = {
			isa = PBXVariantGroup;
			children = (
				EB6B131A240B8D19001DD870 /* Base */,
			);
			name = Main.storyboard;
			sourceTree = "<group>";
		};
		EB6B131E240B8D1A001DD870 /* LaunchScreen.storyboard */ = {
			isa = PBXVariantGroup;
			children = (
				EB6B131F240B8D1A001DD870 /* Base */,
			);
			name = LaunchScreen.storyboard;
			sourceTree = "<group>";
		};
/* End PBXVariantGroup section */

/* Begin XCBuildConfiguration section */
		EB6B1322240B8D1A001DD870 /* Debug */ = {
			isa = XCBuildConfiguration;
			buildSettings = {
				ALWAYS_SEARCH_USER_PATHS = NO;
				CLANG_ANALYZER_NONNULL = YES;
				CLANG_ANALYZER_NUMBER_OBJECT_CONVERSION = YES_AGGRESSIVE;
				CLANG_CXX_LANGUAGE_STANDARD = "gnu++14";
				CLANG_CXX_LIBRARY = "libc++";
				CLANG_ENABLE_MODULES = YES;
				CLANG_ENABLE_OBJC_ARC = YES;
				CLANG_ENABLE_OBJC_WEAK = YES;
				CLANG_WARN_BLOCK_CAPTURE_AUTORELEASING = YES;
				CLANG_WARN_BOOL_CONVERSION = YES;
				CLANG_WARN_COMMA = YES;
				CLANG_WARN_CONSTANT_CONVERSION = YES;
				CLANG_WARN_DEPRECATED_OBJC_IMPLEMENTATIONS = YES;
				CLANG_WARN_DIRECT_OBJC_ISA_USAGE = YES_ERROR;
				CLANG_WARN_DOCUMENTATION_COMMENTS = YES;
				CLANG_WARN_EMPTY_BODY = YES;
				CLANG_WARN_ENUM_CONVERSION = YES;
				CLANG_WARN_INFINITE_RECURSION = YES;
				CLANG_WARN_INT_CONVERSION = YES;
				CLANG_WARN_NON_LITERAL_NULL_CONVERSION = YES;
				CLANG_WARN_OBJC_IMPLICIT_RETAIN_SELF = YES;
				CLANG_WARN_OBJC_LITERAL_CONVERSION = YES;
				CLANG_WARN_OBJC_ROOT_CLASS = YES_ERROR;
				CLANG_WARN_RANGE_LOOP_ANALYSIS = YES;
				CLANG_WARN_STRICT_PROTOTYPES = YES;
				CLANG_WARN_SUSPICIOUS_MOVE = YES;
				CLANG_WARN_UNGUARDED_AVAILABILITY = YES_AGGRESSIVE;
				CLANG_WARN_UNREACHABLE_CODE = YES;
				CLANG_WARN__DUPLICATE_METHOD_MATCH = YES;
				COPY_PHASE_STRIP = NO;
				DEBUG_INFORMATION_FORMAT = dwarf;
				ENABLE_STRICT_OBJC_MSGSEND = YES;
				ENABLE_TESTABILITY = YES;
				GCC_C_LANGUAGE_STANDARD = gnu11;
				GCC_DYNAMIC_NO_PIC = NO;
				GCC_NO_COMMON_BLOCKS = YES;
				GCC_OPTIMIZATION_LEVEL = 0;
				GCC_PREPROCESSOR_DEFINITIONS = (
					"DEBUG=1",
					"$(inherited)",
				);
				GCC_WARN_64_TO_32_BIT_CONVERSION = YES;
				GCC_WARN_ABOUT_RETURN_TYPE = YES_ERROR;
				GCC_WARN_UNDECLARED_SELECTOR = YES;
				GCC_WARN_UNINITIALIZED_AUTOS = YES_AGGRESSIVE;
				GCC_WARN_UNUSED_FUNCTION = YES;
				GCC_WARN_UNUSED_VARIABLE = YES;
				IPHONEOS_DEPLOYMENT_TARGET = 13.2;
				MTL_ENABLE_DEBUG_INFO = INCLUDE_SOURCE;
				MTL_FAST_MATH = YES;
				ONLY_ACTIVE_ARCH = YES;
				SDKROOT = iphoneos;
				SWIFT_ACTIVE_COMPILATION_CONDITIONS = DEBUG;
				SWIFT_OPTIMIZATION_LEVEL = "-Onone";
			};
			name = Debug;
		};
		EB6B1323240B8D1A001DD870 /* Release */ = {
			isa = XCBuildConfiguration;
			buildSettings = {
				ALWAYS_SEARCH_USER_PATHS = NO;
				CLANG_ANALYZER_NONNULL = YES;
				CLANG_ANALYZER_NUMBER_OBJECT_CONVERSION = YES_AGGRESSIVE;
				CLANG_CXX_LANGUAGE_STANDARD = "gnu++14";
				CLANG_CXX_LIBRARY = "libc++";
				CLANG_ENABLE_MODULES = YES;
				CLANG_ENABLE_OBJC_ARC = YES;
				CLANG_ENABLE_OBJC_WEAK = YES;
				CLANG_WARN_BLOCK_CAPTURE_AUTORELEASING = YES;
				CLANG_WARN_BOOL_CONVERSION = YES;
				CLANG_WARN_COMMA = YES;
				CLANG_WARN_CONSTANT_CONVERSION = YES;
				CLANG_WARN_DEPRECATED_OBJC_IMPLEMENTATIONS = YES;
				CLANG_WARN_DIRECT_OBJC_ISA_USAGE = YES_ERROR;
				CLANG_WARN_DOCUMENTATION_COMMENTS = YES;
				CLANG_WARN_EMPTY_BODY = YES;
				CLANG_WARN_ENUM_CONVERSION = YES;
				CLANG_WARN_INFINITE_RECURSION = YES;
				CLANG_WARN_INT_CONVERSION = YES;
				CLANG_WARN_NON_LITERAL_NULL_CONVERSION = YES;
				CLANG_WARN_OBJC_IMPLICIT_RETAIN_SELF = YES;
				CLANG_WARN_OBJC_LITERAL_CONVERSION = YES;
				CLANG_WARN_OBJC_ROOT_CLASS = YES_ERROR;
				CLANG_WARN_RANGE_LOOP_ANALYSIS = YES;
				CLANG_WARN_STRICT_PROTOTYPES = YES;
				CLANG_WARN_SUSPICIOUS_MOVE = YES;
				CLANG_WARN_UNGUARDED_AVAILABILITY = YES_AGGRESSIVE;
				CLANG_WARN_UNREACHABLE_CODE = YES;
				CLANG_WARN__DUPLICATE_METHOD_MATCH = YES;
				COPY_PHASE_STRIP = NO;
				DEBUG_INFORMATION_FORMAT = "dwarf-with-dsym";
				ENABLE_NS_ASSERTIONS = NO;
				ENABLE_STRICT_OBJC_MSGSEND = YES;
				GCC_C_LANGUAGE_STANDARD = gnu11;
				GCC_NO_COMMON_BLOCKS = YES;
				GCC_WARN_64_TO_32_BIT_CONVERSION = YES;
				GCC_WARN_ABOUT_RETURN_TYPE = YES_ERROR;
				GCC_WARN_UNDECLARED_SELECTOR = YES;
				GCC_WARN_UNINITIALIZED_AUTOS = YES_AGGRESSIVE;
				GCC_WARN_UNUSED_FUNCTION = YES;
				GCC_WARN_UNUSED_VARIABLE = YES;
				IPHONEOS_DEPLOYMENT_TARGET = 13.2;
				MTL_ENABLE_DEBUG_INFO = NO;
				MTL_FAST_MATH = YES;
				SDKROOT = iphoneos;
				SWIFT_COMPILATION_MODE = wholemodule;
				SWIFT_OPTIMIZATION_LEVEL = "-O";
				VALIDATE_PRODUCT = YES;
			};
			name = Release;
		};
		EB6B1325240B8D1A001DD870 /* Debug */ = {
			isa = XCBuildConfiguration;
			baseConfigurationReference = BE45CB46AC630F7C1A2286D1 /* Pods-Login.debug.xcconfig */;
			buildSettings = {
				ASSETCATALOG_COMPILER_APPICON_NAME = AppIcon;
				CODE_SIGN_STYLE = Automatic;
				INFOPLIST_FILE = Login/Info.plist;
				LD_RUNPATH_SEARCH_PATHS = (
					"$(inherited)",
					"@executable_path/Frameworks",
				);
				PRODUCT_BUNDLE_IDENTIFIER = com.develop.Login;
				PRODUCT_NAME = "$(TARGET_NAME)";
				SWIFT_VERSION = 5.0;
				TARGETED_DEVICE_FAMILY = "1,2";
			};
			name = Debug;
		};
		EB6B1326240B8D1A001DD870 /* Release */ = {
			isa = XCBuildConfiguration;
			baseConfigurationReference = 17567B2A9EDD06257746EC3B /* Pods-Login.release.xcconfig */;
			buildSettings = {
				ASSETCATALOG_COMPILER_APPICON_NAME = AppIcon;
				CODE_SIGN_STYLE = Automatic;
				INFOPLIST_FILE = Login/Info.plist;
				LD_RUNPATH_SEARCH_PATHS = (
					"$(inherited)",
					"@executable_path/Frameworks",
				);
				PRODUCT_BUNDLE_IDENTIFIER = com.develop.Login;
				PRODUCT_NAME = "$(TARGET_NAME)";
				SWIFT_VERSION = 5.0;
				TARGETED_DEVICE_FAMILY = "1,2";
			};
			name = Release;
		};
/* End XCBuildConfiguration section */

/* Begin XCConfigurationList section */
		EB6B130B240B8D19001DD870 /* Build configuration list for PBXProject "Login" */ = {
			isa = XCConfigurationList;
			buildConfigurations = (
				EB6B1322240B8D1A001DD870 /* Debug */,
				EB6B1323240B8D1A001DD870 /* Release */,
			);
			defaultConfigurationIsVisible = 0;
			defaultConfigurationName = Release;
		};
		EB6B1324240B8D1A001DD870 /* Build configuration list for PBXNativeTarget "Login" */ = {
			isa = XCConfigurationList;
			buildConfigurations = (
				EB6B1325240B8D1A001DD870 /* Debug */,
				EB6B1326240B8D1A001DD870 /* Release */,
			);
			defaultConfigurationIsVisible = 0;
			defaultConfigurationName = Release;
		};
/* End XCConfigurationList section */
	};
	rootObject = EB6B1308240B8D19001DD870 /* Project object */;
}
