// !$*UTF8*$!
{
	archiveVersion = 1;
	classes = {
	};
	objectVersion = 50;
	objects = {

/* Begin PBXBuildFile section */
		EB1C8CB324694E07004CE016 /* AppDelegate.swift in Sources */ = {isa = PBXBuildFile; fileRef = EB1C8CB224694E07004CE016 /* AppDelegate.swift */; };
		EB1C8CB524694E07004CE016 /* SceneDelegate.swift in Sources */ = {isa = PBXBuildFile; fileRef = EB1C8CB424694E07004CE016 /* SceneDelegate.swift */; };
		EB1C8CBA24694E07004CE016 /* Main.storyboard in Resources */ = {isa = PBXBuildFile; fileRef = EB1C8CB824694E07004CE016 /* Main.storyboard */; };
		EB1C8CBC24694E0B004CE016 /* Assets.xcassets in Resources */ = {isa = PBXBuildFile; fileRef = EB1C8CBB24694E0B004CE016 /* Assets.xcassets */; };
		EB1C8CBF24694E0B004CE016 /* LaunchScreen.storyboard in Resources */ = {isa = PBXBuildFile; fileRef = EB1C8CBD24694E0B004CE016 /* LaunchScreen.storyboard */; };
		EB1C8CC724694F72004CE016 /* AlramDetailViewController.swift in Sources */ = {isa = PBXBuildFile; fileRef = EB1C8CC624694F72004CE016 /* AlramDetailViewController.swift */; };
		EB1C8CC924694F96004CE016 /* repeatCellViewController.swift in Sources */ = {isa = PBXBuildFile; fileRef = EB1C8CC824694F96004CE016 /* repeatCellViewController.swift */; };
		EB1C8CCB24695039004CE016 /* AlramMD.swift in Sources */ = {isa = PBXBuildFile; fileRef = EB1C8CCA24695039004CE016 /* AlramMD.swift */; };
		EB1C8CCD2469505D004CE016 /* AlramTableViewController.swift in Sources */ = {isa = PBXBuildFile; fileRef = EB1C8CCC2469505D004CE016 /* AlramTableViewController.swift */; };
		EB1C8CCF246952B8004CE016 /* AlramTableViewCell.swift in Sources */ = {isa = PBXBuildFile; fileRef = EB1C8CCE246952B7004CE016 /* AlramTableViewCell.swift */; };
/* End PBXBuildFile section */

/* Begin PBXFileReference section */
		EB1C8CAF24694E07004CE016 /* Alram.app */ = {isa = PBXFileReference; explicitFileType = wrapper.application; includeInIndex = 0; path = Alram.app; sourceTree = BUILT_PRODUCTS_DIR; };
		EB1C8CB224694E07004CE016 /* AppDelegate.swift */ = {isa = PBXFileReference; lastKnownFileType = sourcecode.swift; path = AppDelegate.swift; sourceTree = "<group>"; };
		EB1C8CB424694E07004CE016 /* SceneDelegate.swift */ = {isa = PBXFileReference; lastKnownFileType = sourcecode.swift; path = SceneDelegate.swift; sourceTree = "<group>"; };
		EB1C8CB924694E07004CE016 /* Base */ = {isa = PBXFileReference; lastKnownFileType = file.storyboard; name = Base; path = Base.lproj/Main.storyboard; sourceTree = "<group>"; };
		EB1C8CBB24694E0B004CE016 /* Assets.xcassets */ = {isa = PBXFileReference; lastKnownFileType = folder.assetcatalog; path = Assets.xcassets; sourceTree = "<group>"; };
		EB1C8CBE24694E0B004CE016 /* Base */ = {isa = PBXFileReference; lastKnownFileType = file.storyboard; name = Base; path = Base.lproj/LaunchScreen.storyboard; sourceTree = "<group>"; };
		EB1C8CC024694E0B004CE016 /* Info.plist */ = {isa = PBXFileReference; lastKnownFileType = text.plist.xml; path = Info.plist; sourceTree = "<group>"; };
		EB1C8CC624694F72004CE016 /* AlramDetailViewController.swift */ = {isa = PBXFileReference; lastKnownFileType = sourcecode.swift; path = AlramDetailViewController.swift; sourceTree = "<group>"; };
		EB1C8CC824694F96004CE016 /* repeatCellViewController.swift */ = {isa = PBXFileReference; lastKnownFileType = sourcecode.swift; path = repeatCellViewController.swift; sourceTree = "<group>"; };
		EB1C8CCA24695039004CE016 /* AlramMD.swift */ = {isa = PBXFileReference; lastKnownFileType = sourcecode.swift; path = AlramMD.swift; sourceTree = "<group>"; };
		EB1C8CCC2469505D004CE016 /* AlramTableViewController.swift */ = {isa = PBXFileReference; lastKnownFileType = sourcecode.swift; path = AlramTableViewController.swift; sourceTree = "<group>"; };
		EB1C8CCE246952B7004CE016 /* AlramTableViewCell.swift */ = {isa = PBXFileReference; lastKnownFileType = sourcecode.swift; path = AlramTableViewCell.swift; sourceTree = "<group>"; };
/* End PBXFileReference section */

/* Begin PBXFrameworksBuildPhase section */
		EB1C8CAC24694E07004CE016 /* Frameworks */ = {
			isa = PBXFrameworksBuildPhase;
			buildActionMask = 2147483647;
			files = (
			);
			runOnlyForDeploymentPostprocessing = 0;
		};
/* End PBXFrameworksBuildPhase section */

/* Begin PBXGroup section */
		EB1C8CA624694E07004CE016 = {
			isa = PBXGroup;
			children = (
				EB1C8CB124694E07004CE016 /* Alram */,
				EB1C8CB024694E07004CE016 /* Products */,
			);
			sourceTree = "<group>";
		};
		EB1C8CB024694E07004CE016 /* Products */ = {
			isa = PBXGroup;
			children = (
				EB1C8CAF24694E07004CE016 /* Alram.app */,
			);
			name = Products;
			sourceTree = "<group>";
		};
		EB1C8CB124694E07004CE016 /* Alram */ = {
			isa = PBXGroup;
			children = (
				EB1C8CCA24695039004CE016 /* AlramMD.swift */,
				EB1C8CB224694E07004CE016 /* AppDelegate.swift */,
				EB1C8CCC2469505D004CE016 /* AlramTableViewController.swift */,
				EB1C8CC624694F72004CE016 /* AlramDetailViewController.swift */,
				EB1C8CC824694F96004CE016 /* repeatCellViewController.swift */,
				EB1C8CB424694E07004CE016 /* SceneDelegate.swift */,
				EB1C8CB824694E07004CE016 /* Main.storyboard */,
				EB1C8CCE246952B7004CE016 /* AlramTableViewCell.swift */,
				EB1C8CBB24694E0B004CE016 /* Assets.xcassets */,
				EB1C8CBD24694E0B004CE016 /* LaunchScreen.storyboard */,
				EB1C8CC024694E0B004CE016 /* Info.plist */,
			);
			path = Alram;
			sourceTree = "<group>";
		};
/* End PBXGroup section */

/* Begin PBXNativeTarget section */
		EB1C8CAE24694E07004CE016 /* Alram */ = {
			isa = PBXNativeTarget;
			buildConfigurationList = EB1C8CC324694E0B004CE016 /* Build configuration list for PBXNativeTarget "Alram" */;
			buildPhases = (
				EB1C8CAB24694E07004CE016 /* Sources */,
				EB1C8CAC24694E07004CE016 /* Frameworks */,
				EB1C8CAD24694E07004CE016 /* Resources */,
			);
			buildRules = (
			);
			dependencies = (
			);
			name = Alram;
			productName = Alram;
			productReference = EB1C8CAF24694E07004CE016 /* Alram.app */;
			productType = "com.apple.product-type.application";
		};
/* End PBXNativeTarget section */

/* Begin PBXProject section */
		EB1C8CA724694E07004CE016 /* Project object */ = {
			isa = PBXProject;
			attributes = {
				LastSwiftUpdateCheck = 1140;
				LastUpgradeCheck = 1140;
				ORGANIZATIONNAME = "이가영";
				TargetAttributes = {
					EB1C8CAE24694E07004CE016 = {
						CreatedOnToolsVersion = 11.4.1;
					};
				};
			};
			buildConfigurationList = EB1C8CAA24694E07004CE016 /* Build configuration list for PBXProject "Alram" */;
			compatibilityVersion = "Xcode 9.3";
			developmentRegion = en;
			hasScannedForEncodings = 0;
			knownRegions = (
				en,
				Base,
			);
			mainGroup = EB1C8CA624694E07004CE016;
			productRefGroup = EB1C8CB024694E07004CE016 /* Products */;
			projectDirPath = "";
			projectRoot = "";
			targets = (
				EB1C8CAE24694E07004CE016 /* Alram */,
			);
		};
/* End PBXProject section */

/* Begin PBXResourcesBuildPhase section */
		EB1C8CAD24694E07004CE016 /* Resources */ = {
			isa = PBXResourcesBuildPhase;
			buildActionMask = 2147483647;
			files = (
				EB1C8CBF24694E0B004CE016 /* LaunchScreen.storyboard in Resources */,
				EB1C8CBC24694E0B004CE016 /* Assets.xcassets in Resources */,
				EB1C8CBA24694E07004CE016 /* Main.storyboard in Resources */,
			);
			runOnlyForDeploymentPostprocessing = 0;
		};
/* End PBXResourcesBuildPhase section */

/* Begin PBXSourcesBuildPhase section */
		EB1C8CAB24694E07004CE016 /* Sources */ = {
			isa = PBXSourcesBuildPhase;
			buildActionMask = 2147483647;
			files = (
				EB1C8CCF246952B8004CE016 /* AlramTableViewCell.swift in Sources */,
				EB1C8CB324694E07004CE016 /* AppDelegate.swift in Sources */,
				EB1C8CCD2469505D004CE016 /* AlramTableViewController.swift in Sources */,
				EB1C8CC924694F96004CE016 /* repeatCellViewController.swift in Sources */,
				EB1C8CB524694E07004CE016 /* SceneDelegate.swift in Sources */,
				EB1C8CCB24695039004CE016 /* AlramMD.swift in Sources */,
				EB1C8CC724694F72004CE016 /* AlramDetailViewController.swift in Sources */,
			);
			runOnlyForDeploymentPostprocessing = 0;
		};
/* End PBXSourcesBuildPhase section */

/* Begin PBXVariantGroup section */
		EB1C8CB824694E07004CE016 /* Main.storyboard */ = {
			isa = PBXVariantGroup;
			children = (
				EB1C8CB924694E07004CE016 /* Base */,
			);
			name = Main.storyboard;
			sourceTree = "<group>";
		};
		EB1C8CBD24694E0B004CE016 /* LaunchScreen.storyboard */ = {
			isa = PBXVariantGroup;
			children = (
				EB1C8CBE24694E0B004CE016 /* Base */,
			);
			name = LaunchScreen.storyboard;
			sourceTree = "<group>";
		};
/* End PBXVariantGroup section */

/* Begin XCBuildConfiguration section */
		EB1C8CC124694E0B004CE016 /* Debug */ = {
			isa = XCBuildConfiguration;
			buildSettings = {
				ALWAYS_SEARCH_USER_PATHS = NO;
				CLANG_ANALYZER_NONNULL = YES;
				CLANG_ANALYZER_NUMBER_OBJECT_CONVERSION = YES_AGGRESSIVE;
				CLANG_CXX_LANGUAGE_STANDARD = "gnu++14";
				CLANG_CXX_LIBRARY = "libc++";
				CLANG_ENABLE_MODULES = YES;
				CLANG_ENABLE_OBJC_ARC = YES;
				CLANG_ENABLE_OBJC_WEAK = YES;
				CLANG_WARN_BLOCK_CAPTURE_AUTORELEASING = YES;
				CLANG_WARN_BOOL_CONVERSION = YES;
				CLANG_WARN_COMMA = YES;
				CLANG_WARN_CONSTANT_CONVERSION = YES;
				CLANG_WARN_DEPRECATED_OBJC_IMPLEMENTATIONS = YES;
				CLANG_WARN_DIRECT_OBJC_ISA_USAGE = YES_ERROR;
				CLANG_WARN_DOCUMENTATION_COMMENTS = YES;
				CLANG_WARN_EMPTY_BODY = YES;
				CLANG_WARN_ENUM_CONVERSION = YES;
				CLANG_WARN_INFINITE_RECURSION = YES;
				CLANG_WARN_INT_CONVERSION = YES;
				CLANG_WARN_NON_LITERAL_NULL_CONVERSION = YES;
				CLANG_WARN_OBJC_IMPLICIT_RETAIN_SELF = YES;
				CLANG_WARN_OBJC_LITERAL_CONVERSION = YES;
				CLANG_WARN_OBJC_ROOT_CLASS = YES_ERROR;
				CLANG_WARN_RANGE_LOOP_ANALYSIS = YES;
				CLANG_WARN_STRICT_PROTOTYPES = YES;
				CLANG_WARN_SUSPICIOUS_MOVE = YES;
				CLANG_WARN_UNGUARDED_AVAILABILITY = YES_AGGRESSIVE;
				CLANG_WARN_UNREACHABLE_CODE = YES;
				CLANG_WARN__DUPLICATE_METHOD_MATCH = YES;
				COPY_PHASE_STRIP = NO;
				DEBUG_INFORMATION_FORMAT = dwarf;
				ENABLE_STRICT_OBJC_MSGSEND = YES;
				ENABLE_TESTABILITY = YES;
				GCC_C_LANGUAGE_STANDARD = gnu11;
				GCC_DYNAMIC_NO_PIC = NO;
				GCC_NO_COMMON_BLOCKS = YES;
				GCC_OPTIMIZATION_LEVEL = 0;
				GCC_PREPROCESSOR_DEFINITIONS = (
					"DEBUG=1",
					"$(inherited)",
				);
				GCC_WARN_64_TO_32_BIT_CONVERSION = YES;
				GCC_WARN_ABOUT_RETURN_TYPE = YES_ERROR;
				GCC_WARN_UNDECLARED_SELECTOR = YES;
				GCC_WARN_UNINITIALIZED_AUTOS = YES_AGGRESSIVE;
				GCC_WARN_UNUSED_FUNCTION = YES;
				GCC_WARN_UNUSED_VARIABLE = YES;
				IPHONEOS_DEPLOYMENT_TARGET = 13.4;
				MTL_ENABLE_DEBUG_INFO = INCLUDE_SOURCE;
				MTL_FAST_MATH = YES;
				ONLY_ACTIVE_ARCH = YES;
				SDKROOT = iphoneos;
				SWIFT_ACTIVE_COMPILATION_CONDITIONS = DEBUG;
				SWIFT_OPTIMIZATION_LEVEL = "-Onone";
			};
			name = Debug;
		};
		EB1C8CC224694E0B004CE016 /* Release */ = {
			isa = XCBuildConfiguration;
			buildSettings = {
				ALWAYS_SEARCH_USER_PATHS = NO;
				CLANG_ANALYZER_NONNULL = YES;
				CLANG_ANALYZER_NUMBER_OBJECT_CONVERSION = YES_AGGRESSIVE;
				CLANG_CXX_LANGUAGE_STANDARD = "gnu++14";
				CLANG_CXX_LIBRARY = "libc++";
				CLANG_ENABLE_MODULES = YES;
				CLANG_ENABLE_OBJC_ARC = YES;
				CLANG_ENABLE_OBJC_WEAK = YES;
				CLANG_WARN_BLOCK_CAPTURE_AUTORELEASING = YES;
				CLANG_WARN_BOOL_CONVERSION = YES;
				CLANG_WARN_COMMA = YES;
				CLANG_WARN_CONSTANT_CONVERSION = YES;
				CLANG_WARN_DEPRECATED_OBJC_IMPLEMENTATIONS = YES;
				CLANG_WARN_DIRECT_OBJC_ISA_USAGE = YES_ERROR;
				CLANG_WARN_DOCUMENTATION_COMMENTS = YES;
				CLANG_WARN_EMPTY_BODY = YES;
				CLANG_WARN_ENUM_CONVERSION = YES;
				CLANG_WARN_INFINITE_RECURSION = YES;
				CLANG_WARN_INT_CONVERSION = YES;
				CLANG_WARN_NON_LITERAL_NULL_CONVERSION = YES;
				CLANG_WARN_OBJC_IMPLICIT_RETAIN_SELF = YES;
				CLANG_WARN_OBJC_LITERAL_CONVERSION = YES;
				CLANG_WARN_OBJC_ROOT_CLASS = YES_ERROR;
				CLANG_WARN_RANGE_LOOP_ANALYSIS = YES;
				CLANG_WARN_STRICT_PROTOTYPES = YES;
				CLANG_WARN_SUSPICIOUS_MOVE = YES;
				CLANG_WARN_UNGUARDED_AVAILABILITY = YES_AGGRESSIVE;
				CLANG_WARN_UNREACHABLE_CODE = YES;
				CLANG_WARN__DUPLICATE_METHOD_MATCH = YES;
				COPY_PHASE_STRIP = NO;
				DEBUG_INFORMATION_FORMAT = "dwarf-with-dsym";
				ENABLE_NS_ASSERTIONS = NO;
				ENABLE_STRICT_OBJC_MSGSEND = YES;
				GCC_C_LANGUAGE_STANDARD = gnu11;
				GCC_NO_COMMON_BLOCKS = YES;
				GCC_WARN_64_TO_32_BIT_CONVERSION = YES;
				GCC_WARN_ABOUT_RETURN_TYPE = YES_ERROR;
				GCC_WARN_UNDECLARED_SELECTOR = YES;
				GCC_WARN_UNINITIALIZED_AUTOS = YES_AGGRESSIVE;
				GCC_WARN_UNUSED_FUNCTION = YES;
				GCC_WARN_UNUSED_VARIABLE = YES;
				IPHONEOS_DEPLOYMENT_TARGET = 13.4;
				MTL_ENABLE_DEBUG_INFO = NO;
				MTL_FAST_MATH = YES;
				SDKROOT = iphoneos;
				SWIFT_COMPILATION_MODE = wholemodule;
				SWIFT_OPTIMIZATION_LEVEL = "-O";
				VALIDATE_PRODUCT = YES;
			};
			name = Release;
		};
		EB1C8CC424694E0B004CE016 /* Debug */ = {
			isa = XCBuildConfiguration;
			buildSettings = {
				ASSETCATALOG_COMPILER_APPICON_NAME = AppIcon;
				CODE_SIGN_STYLE = Automatic;
				INFOPLIST_FILE = Alram/Info.plist;
				LD_RUNPATH_SEARCH_PATHS = (
					"$(inherited)",
					"@executable_path/Frameworks",
				);
				PRODUCT_BUNDLE_IDENTIFIER = com.develop.Alram;
				PRODUCT_NAME = "$(TARGET_NAME)";
				SWIFT_VERSION = 5.0;
				TARGETED_DEVICE_FAMILY = "1,2";
			};
			name = Debug;
		};
		EB1C8CC524694E0B004CE016 /* Release */ = {
			isa = XCBuildConfiguration;
			buildSettings = {
				ASSETCATALOG_COMPILER_APPICON_NAME = AppIcon;
				CODE_SIGN_STYLE = Automatic;
				INFOPLIST_FILE = Alram/Info.plist;
				LD_RUNPATH_SEARCH_PATHS = (
					"$(inherited)",
					"@executable_path/Frameworks",
				);
				PRODUCT_BUNDLE_IDENTIFIER = com.develop.Alram;
				PRODUCT_NAME = "$(TARGET_NAME)";
				SWIFT_VERSION = 5.0;
				TARGETED_DEVICE_FAMILY = "1,2";
			};
			name = Release;
		};
/* End XCBuildConfiguration section */

/* Begin XCConfigurationList section */
		EB1C8CAA24694E07004CE016 /* Build configuration list for PBXProject "Alram" */ = {
			isa = XCConfigurationList;
			buildConfigurations = (
				EB1C8CC124694E0B004CE016 /* Debug */,
				EB1C8CC224694E0B004CE016 /* Release */,
			);
			defaultConfigurationIsVisible = 0;
			defaultConfigurationName = Release;
		};
		EB1C8CC324694E0B004CE016 /* Build configuration list for PBXNativeTarget "Alram" */ = {
			isa = XCConfigurationList;
			buildConfigurations = (
				EB1C8CC424694E0B004CE016 /* Debug */,
				EB1C8CC524694E0B004CE016 /* Release */,
			);
			defaultConfigurationIsVisible = 0;
			defaultConfigurationName = Release;
		};
/* End XCConfigurationList section */
	};
	rootObject = EB1C8CA724694E07004CE016 /* Project object */;
}
