// !$*UTF8*$!
{
	archiveVersion = 1;
	classes = {
	};
	objectVersion = 50;
	objects = {

/* Begin PBXBuildFile section */
		EBAED9AD245FD6FB00B21316 /* AppDelegate.swift in Sources */ = {isa = PBXBuildFile; fileRef = EBAED9AC245FD6FB00B21316 /* AppDelegate.swift */; };
		EBAED9AF245FD6FB00B21316 /* SceneDelegate.swift in Sources */ = {isa = PBXBuildFile; fileRef = EBAED9AE245FD6FB00B21316 /* SceneDelegate.swift */; };
		EBAED9B1245FD6FB00B21316 /* ViewController.swift in Sources */ = {isa = PBXBuildFile; fileRef = EBAED9B0245FD6FB00B21316 /* ViewController.swift */; };
		EBAED9B4245FD6FB00B21316 /* Main.storyboard in Resources */ = {isa = PBXBuildFile; fileRef = EBAED9B2245FD6FB00B21316 /* Main.storyboard */; };
		EBAED9B6245FD6FD00B21316 /* Assets.xcassets in Resources */ = {isa = PBXBuildFile; fileRef = EBAED9B5245FD6FD00B21316 /* Assets.xcassets */; };
		EBAED9B9245FD6FD00B21316 /* LaunchScreen.storyboard in Resources */ = {isa = PBXBuildFile; fileRef = EBAED9B7245FD6FD00B21316 /* LaunchScreen.storyboard */; };
/* End PBXBuildFile section */

/* Begin PBXFileReference section */
		EBAED9A9245FD6FB00B21316 /* New_Calculator.app */ = {isa = PBXFileReference; explicitFileType = wrapper.application; includeInIndex = 0; path = New_Calculator.app; sourceTree = BUILT_PRODUCTS_DIR; };
		EBAED9AC245FD6FB00B21316 /* AppDelegate.swift */ = {isa = PBXFileReference; lastKnownFileType = sourcecode.swift; path = AppDelegate.swift; sourceTree = "<group>"; };
		EBAED9AE245FD6FB00B21316 /* SceneDelegate.swift */ = {isa = PBXFileReference; lastKnownFileType = sourcecode.swift; path = SceneDelegate.swift; sourceTree = "<group>"; };
		EBAED9B0245FD6FB00B21316 /* ViewController.swift */ = {isa = PBXFileReference; lastKnownFileType = sourcecode.swift; path = ViewController.swift; sourceTree = "<group>"; };
		EBAED9B3245FD6FB00B21316 /* Base */ = {isa = PBXFileReference; lastKnownFileType = file.storyboard; name = Base; path = Base.lproj/Main.storyboard; sourceTree = "<group>"; };
		EBAED9B5245FD6FD00B21316 /* Assets.xcassets */ = {isa = PBXFileReference; lastKnownFileType = folder.assetcatalog; path = Assets.xcassets; sourceTree = "<group>"; };
		EBAED9B8245FD6FD00B21316 /* Base */ = {isa = PBXFileReference; lastKnownFileType = file.storyboard; name = Base; path = Base.lproj/LaunchScreen.storyboard; sourceTree = "<group>"; };
		EBAED9BA245FD6FD00B21316 /* Info.plist */ = {isa = PBXFileReference; lastKnownFileType = text.plist.xml; path = Info.plist; sourceTree = "<group>"; };
/* End PBXFileReference section */

/* Begin PBXFrameworksBuildPhase section */
		EBAED9A6245FD6FA00B21316 /* Frameworks */ = {
			isa = PBXFrameworksBuildPhase;
			buildActionMask = 2147483647;
			files = (
			);
			runOnlyForDeploymentPostprocessing = 0;
		};
/* End PBXFrameworksBuildPhase section */

/* Begin PBXGroup section */
		EBAED9A0245FD6FA00B21316 = {
			isa = PBXGroup;
			children = (
				EBAED9AB245FD6FB00B21316 /* New_Calculator */,
				EBAED9AA245FD6FB00B21316 /* Products */,
			);
			sourceTree = "<group>";
		};
		EBAED9AA245FD6FB00B21316 /* Products */ = {
			isa = PBXGroup;
			children = (
				EBAED9A9245FD6FB00B21316 /* New_Calculator.app */,
			);
			name = Products;
			sourceTree = "<group>";
		};
		EBAED9AB245FD6FB00B21316 /* New_Calculator */ = {
			isa = PBXGroup;
			children = (
				EBAED9AC245FD6FB00B21316 /* AppDelegate.swift */,
				EBAED9AE245FD6FB00B21316 /* SceneDelegate.swift */,
				EBAED9B0245FD6FB00B21316 /* ViewController.swift */,
				EBAED9B2245FD6FB00B21316 /* Main.storyboard */,
				EBAED9B5245FD6FD00B21316 /* Assets.xcassets */,
				EBAED9B7245FD6FD00B21316 /* LaunchScreen.storyboard */,
				EBAED9BA245FD6FD00B21316 /* Info.plist */,
			);
			path = New_Calculator;
			sourceTree = "<group>";
		};
/* End PBXGroup section */

/* Begin PBXNativeTarget section */
		EBAED9A8245FD6FA00B21316 /* New_Calculator */ = {
			isa = PBXNativeTarget;
			buildConfigurationList = EBAED9BD245FD6FD00B21316 /* Build configuration list for PBXNativeTarget "New_Calculator" */;
			buildPhases = (
				EBAED9A5245FD6FA00B21316 /* Sources */,
				EBAED9A6245FD6FA00B21316 /* Frameworks */,
				EBAED9A7245FD6FA00B21316 /* Resources */,
			);
			buildRules = (
			);
			dependencies = (
			);
			name = New_Calculator;
			productName = New_Calculator;
			productReference = EBAED9A9245FD6FB00B21316 /* New_Calculator.app */;
			productType = "com.apple.product-type.application";
		};
/* End PBXNativeTarget section */

/* Begin PBXProject section */
		EBAED9A1245FD6FA00B21316 /* Project object */ = {
			isa = PBXProject;
			attributes = {
				LastSwiftUpdateCheck = 1140;
				LastUpgradeCheck = 1140;
				ORGANIZATIONNAME = "이가영";
				TargetAttributes = {
					EBAED9A8245FD6FA00B21316 = {
						CreatedOnToolsVersion = 11.4.1;
					};
				};
			};
			buildConfigurationList = EBAED9A4245FD6FA00B21316 /* Build configuration list for PBXProject "New_Calculator" */;
			compatibilityVersion = "Xcode 9.3";
			developmentRegion = en;
			hasScannedForEncodings = 0;
			knownRegions = (
				en,
				Base,
			);
			mainGroup = EBAED9A0245FD6FA00B21316;
			productRefGroup = EBAED9AA245FD6FB00B21316 /* Products */;
			projectDirPath = "";
			projectRoot = "";
			targets = (
				EBAED9A8245FD6FA00B21316 /* New_Calculator */,
			);
		};
/* End PBXProject section */

/* Begin PBXResourcesBuildPhase section */
		EBAED9A7245FD6FA00B21316 /* Resources */ = {
			isa = PBXResourcesBuildPhase;
			buildActionMask = 2147483647;
			files = (
				EBAED9B9245FD6FD00B21316 /* LaunchScreen.storyboard in Resources */,
				EBAED9B6245FD6FD00B21316 /* Assets.xcassets in Resources */,
				EBAED9B4245FD6FB00B21316 /* Main.storyboard in Resources */,
			);
			runOnlyForDeploymentPostprocessing = 0;
		};
/* End PBXResourcesBuildPhase section */

/* Begin PBXSourcesBuildPhase section */
		EBAED9A5245FD6FA00B21316 /* Sources */ = {
			isa = PBXSourcesBuildPhase;
			buildActionMask = 2147483647;
			files = (
				EBAED9B1245FD6FB00B21316 /* ViewController.swift in Sources */,
				EBAED9AD245FD6FB00B21316 /* AppDelegate.swift in Sources */,
				EBAED9AF245FD6FB00B21316 /* SceneDelegate.swift in Sources */,
			);
			runOnlyForDeploymentPostprocessing = 0;
		};
/* End PBXSourcesBuildPhase section */

/* Begin PBXVariantGroup section */
		EBAED9B2245FD6FB00B21316 /* Main.storyboard */ = {
			isa = PBXVariantGroup;
			children = (
				EBAED9B3245FD6FB00B21316 /* Base */,
			);
			name = Main.storyboard;
			sourceTree = "<group>";
		};
		EBAED9B7245FD6FD00B21316 /* LaunchScreen.storyboard */ = {
			isa = PBXVariantGroup;
			children = (
				EBAED9B8245FD6FD00B21316 /* Base */,
			);
			name = LaunchScreen.storyboard;
			sourceTree = "<group>";
		};
/* End PBXVariantGroup section */

/* Begin XCBuildConfiguration section */
		EBAED9BB245FD6FD00B21316 /* Debug */ = {
			isa = XCBuildConfiguration;
			buildSettings = {
				ALWAYS_SEARCH_USER_PATHS = NO;
				CLANG_ANALYZER_NONNULL = YES;
				CLANG_ANALYZER_NUMBER_OBJECT_CONVERSION = YES_AGGRESSIVE;
				CLANG_CXX_LANGUAGE_STANDARD = "gnu++14";
				CLANG_CXX_LIBRARY = "libc++";
				CLANG_ENABLE_MODULES = YES;
				CLANG_ENABLE_OBJC_ARC = YES;
				CLANG_ENABLE_OBJC_WEAK = YES;
				CLANG_WARN_BLOCK_CAPTURE_AUTORELEASING = YES;
				CLANG_WARN_BOOL_CONVERSION = YES;
				CLANG_WARN_COMMA = YES;
				CLANG_WARN_CONSTANT_CONVERSION = YES;
				CLANG_WARN_DEPRECATED_OBJC_IMPLEMENTATIONS = YES;
				CLANG_WARN_DIRECT_OBJC_ISA_USAGE = YES_ERROR;
				CLANG_WARN_DOCUMENTATION_COMMENTS = YES;
				CLANG_WARN_EMPTY_BODY = YES;
				CLANG_WARN_ENUM_CONVERSION = YES;
				CLANG_WARN_INFINITE_RECURSION = YES;
				CLANG_WARN_INT_CONVERSION = YES;
				CLANG_WARN_NON_LITERAL_NULL_CONVERSION = YES;
				CLANG_WARN_OBJC_IMPLICIT_RETAIN_SELF = YES;
				CLANG_WARN_OBJC_LITERAL_CONVERSION = YES;
				CLANG_WARN_OBJC_ROOT_CLASS = YES_ERROR;
				CLANG_WARN_RANGE_LOOP_ANALYSIS = YES;
				CLANG_WARN_STRICT_PROTOTYPES = YES;
				CLANG_WARN_SUSPICIOUS_MOVE = YES;
				CLANG_WARN_UNGUARDED_AVAILABILITY = YES_AGGRESSIVE;
				CLANG_WARN_UNREACHABLE_CODE = YES;
				CLANG_WARN__DUPLICATE_METHOD_MATCH = YES;
				COPY_PHASE_STRIP = NO;
				DEBUG_INFORMATION_FORMAT = dwarf;
				ENABLE_STRICT_OBJC_MSGSEND = YES;
				ENABLE_TESTABILITY = YES;
				GCC_C_LANGUAGE_STANDARD = gnu11;
				GCC_DYNAMIC_NO_PIC = NO;
				GCC_NO_COMMON_BLOCKS = YES;
				GCC_OPTIMIZATION_LEVEL = 0;
				GCC_PREPROCESSOR_DEFINITIONS = (
					"DEBUG=1",
					"$(inherited)",
				);
				GCC_WARN_64_TO_32_BIT_CONVERSION = YES;
				GCC_WARN_ABOUT_RETURN_TYPE = YES_ERROR;
				GCC_WARN_UNDECLARED_SELECTOR = YES;
				GCC_WARN_UNINITIALIZED_AUTOS = YES_AGGRESSIVE;
				GCC_WARN_UNUSED_FUNCTION = YES;
				GCC_WARN_UNUSED_VARIABLE = YES;
				IPHONEOS_DEPLOYMENT_TARGET = 13.4;
				MTL_ENABLE_DEBUG_INFO = INCLUDE_SOURCE;
				MTL_FAST_MATH = YES;
				ONLY_ACTIVE_ARCH = YES;
				SDKROOT = iphoneos;
				SWIFT_ACTIVE_COMPILATION_CONDITIONS = DEBUG;
				SWIFT_OPTIMIZATION_LEVEL = "-Onone";
			};
			name = Debug;
		};
		EBAED9BC245FD6FD00B21316 /* Release */ = {
			isa = XCBuildConfiguration;
			buildSettings = {
				ALWAYS_SEARCH_USER_PATHS = NO;
				CLANG_ANALYZER_NONNULL = YES;
				CLANG_ANALYZER_NUMBER_OBJECT_CONVERSION = YES_AGGRESSIVE;
				CLANG_CXX_LANGUAGE_STANDARD = "gnu++14";
				CLANG_CXX_LIBRARY = "libc++";
				CLANG_ENABLE_MODULES = YES;
				CLANG_ENABLE_OBJC_ARC = YES;
				CLANG_ENABLE_OBJC_WEAK = YES;
				CLANG_WARN_BLOCK_CAPTURE_AUTORELEASING = YES;
				CLANG_WARN_BOOL_CONVERSION = YES;
				CLANG_WARN_COMMA = YES;
				CLANG_WARN_CONSTANT_CONVERSION = YES;
				CLANG_WARN_DEPRECATED_OBJC_IMPLEMENTATIONS = YES;
				CLANG_WARN_DIRECT_OBJC_ISA_USAGE = YES_ERROR;
				CLANG_WARN_DOCUMENTATION_COMMENTS = YES;
				CLANG_WARN_EMPTY_BODY = YES;
				CLANG_WARN_ENUM_CONVERSION = YES;
				CLANG_WARN_INFINITE_RECURSION = YES;
				CLANG_WARN_INT_CONVERSION = YES;
				CLANG_WARN_NON_LITERAL_NULL_CONVERSION = YES;
				CLANG_WARN_OBJC_IMPLICIT_RETAIN_SELF = YES;
				CLANG_WARN_OBJC_LITERAL_CONVERSION = YES;
				CLANG_WARN_OBJC_ROOT_CLASS = YES_ERROR;
				CLANG_WARN_RANGE_LOOP_ANALYSIS = YES;
				CLANG_WARN_STRICT_PROTOTYPES = YES;
				CLANG_WARN_SUSPICIOUS_MOVE = YES;
				CLANG_WARN_UNGUARDED_AVAILABILITY = YES_AGGRESSIVE;
				CLANG_WARN_UNREACHABLE_CODE = YES;
				CLANG_WARN__DUPLICATE_METHOD_MATCH = YES;
				COPY_PHASE_STRIP = NO;
				DEBUG_INFORMATION_FORMAT = "dwarf-with-dsym";
				ENABLE_NS_ASSERTIONS = NO;
				ENABLE_STRICT_OBJC_MSGSEND = YES;
				GCC_C_LANGUAGE_STANDARD = gnu11;
				GCC_NO_COMMON_BLOCKS = YES;
				GCC_WARN_64_TO_32_BIT_CONVERSION = YES;
				GCC_WARN_ABOUT_RETURN_TYPE = YES_ERROR;
				GCC_WARN_UNDECLARED_SELECTOR = YES;
				GCC_WARN_UNINITIALIZED_AUTOS = YES_AGGRESSIVE;
				GCC_WARN_UNUSED_FUNCTION = YES;
				GCC_WARN_UNUSED_VARIABLE = YES;
				IPHONEOS_DEPLOYMENT_TARGET = 13.4;
				MTL_ENABLE_DEBUG_INFO = NO;
				MTL_FAST_MATH = YES;
				SDKROOT = iphoneos;
				SWIFT_COMPILATION_MODE = wholemodule;
				SWIFT_OPTIMIZATION_LEVEL = "-O";
				VALIDATE_PRODUCT = YES;
			};
			name = Release;
		};
		EBAED9BE245FD6FD00B21316 /* Debug */ = {
			isa = XCBuildConfiguration;
			buildSettings = {
				ASSETCATALOG_COMPILER_APPICON_NAME = AppIcon;
				CODE_SIGN_STYLE = Automatic;
				INFOPLIST_FILE = New_Calculator/Info.plist;
				LD_RUNPATH_SEARCH_PATHS = (
					"$(inherited)",
					"@executable_path/Frameworks",
				);
				PRODUCT_BUNDLE_IDENTIFIER = "com.develop.New-Calculator";
				PRODUCT_NAME = "$(TARGET_NAME)";
				SWIFT_VERSION = 5.0;
				TARGETED_DEVICE_FAMILY = "1,2";
			};
			name = Debug;
		};
		EBAED9BF245FD6FD00B21316 /* Release */ = {
			isa = XCBuildConfiguration;
			buildSettings = {
				ASSETCATALOG_COMPILER_APPICON_NAME = AppIcon;
				CODE_SIGN_STYLE = Automatic;
				INFOPLIST_FILE = New_Calculator/Info.plist;
				LD_RUNPATH_SEARCH_PATHS = (
					"$(inherited)",
					"@executable_path/Frameworks",
				);
				PRODUCT_BUNDLE_IDENTIFIER = "com.develop.New-Calculator";
				PRODUCT_NAME = "$(TARGET_NAME)";
				SWIFT_VERSION = 5.0;
				TARGETED_DEVICE_FAMILY = "1,2";
			};
			name = Release;
		};
/* End XCBuildConfiguration section */

/* Begin XCConfigurationList section */
		EBAED9A4245FD6FA00B21316 /* Build configuration list for PBXProject "New_Calculator" */ = {
			isa = XCConfigurationList;
			buildConfigurations = (
				EBAED9BB245FD6FD00B21316 /* Debug */,
				EBAED9BC245FD6FD00B21316 /* Release */,
			);
			defaultConfigurationIsVisible = 0;
			defaultConfigurationName = Release;
		};
		EBAED9BD245FD6FD00B21316 /* Build configuration list for PBXNativeTarget "New_Calculator" */ = {
			isa = XCConfigurationList;
			buildConfigurations = (
				EBAED9BE245FD6FD00B21316 /* Debug */,
				EBAED9BF245FD6FD00B21316 /* Release */,
			);
			defaultConfigurationIsVisible = 0;
			defaultConfigurationName = Release;
		};
/* End XCConfigurationList section */
	};
	rootObject = EBAED9A1245FD6FA00B21316 /* Project object */;
}
